// !$*UTF8*$!
{
	archiveVersion = 1;
	classes = {
	};
	objectVersion = 46;
	objects = {

/* Begin PBXBuildFile section */
		1A0758121BFA2316004C5BFD /* ViewListProduct.m in Sources */ = {isa = PBXBuildFile; fileRef = 1A0758111BFA2316004C5BFD /* ViewListProduct.m */; settings = {ASSET_TAGS = (); }; };
		1A0758151BFA2327004C5BFD /* ProductController.m in Sources */ = {isa = PBXBuildFile; fileRef = 1A0758141BFA2327004C5BFD /* ProductController.m */; settings = {ASSET_TAGS = (); }; };
		1A1D8E6C1B624A33009DAACB /* LM_SMF.dae in Resources */ = {isa = PBXBuildFile; fileRef = 1A1D8E681B624A33009DAACB /* LM_SMF.dae */; };
		1A1D8E6D1B624A33009DAACB /* LS_SMF.dae in Resources */ = {isa = PBXBuildFile; fileRef = 1A1D8E691B624A33009DAACB /* LS_SMF.dae */; };
		1A1D8E6E1B624A33009DAACB /* LXL_SMF.dae in Resources */ = {isa = PBXBuildFile; fileRef = 1A1D8E6A1B624A33009DAACB /* LXL_SMF.dae */; };
		1A1D8E6F1B624A33009DAACB /* LXS_SMF.dae in Resources */ = {isa = PBXBuildFile; fileRef = 1A1D8E6B1B624A33009DAACB /* LXS_SMF.dae */; };
		1A1D8E751B624A89009DAACB /* LL_XLF.dae in Resources */ = {isa = PBXBuildFile; fileRef = 1A1D8E701B624A89009DAACB /* LL_XLF.dae */; };
		1A1D8E761B624A89009DAACB /* LM_XLF.dae in Resources */ = {isa = PBXBuildFile; fileRef = 1A1D8E711B624A89009DAACB /* LM_XLF.dae */; };
		1A1D8E771B624A89009DAACB /* LS_XLF.dae in Resources */ = {isa = PBXBuildFile; fileRef = 1A1D8E721B624A89009DAACB /* LS_XLF.dae */; };
		1A1D8E781B624A89009DAACB /* LXL_XLF.dae in Resources */ = {isa = PBXBuildFile; fileRef = 1A1D8E731B624A89009DAACB /* LXL_XLF.dae */; };
		1A1D8E791B624A89009DAACB /* LXS_XLF.dae in Resources */ = {isa = PBXBuildFile; fileRef = 1A1D8E741B624A89009DAACB /* LXS_XLF.dae */; };
		1A41EF2B1BB6A864000A9A2A /* QrProductController.m in Sources */ = {isa = PBXBuildFile; fileRef = 1A41EF2A1BB6A864000A9A2A /* QrProductController.m */; };
		1A4F35AA1B919D87002CE0C3 /* GenerateProductQrCodeController.m in Sources */ = {isa = PBXBuildFile; fileRef = 1A4F35A91B919D87002CE0C3 /* GenerateProductQrCodeController.m */; };
		1A5631DA1B999D1D00CA348A /* HumanController.m in Sources */ = {isa = PBXBuildFile; fileRef = 1A5631D91B999D1D00CA348A /* HumanController.m */; };
		1A6804081B92E20800D028C5 /* logout.png in Resources */ = {isa = PBXBuildFile; fileRef = 1A6804071B92E20800D028C5 /* logout.png */; };
		1A6FD6631B86E01E008B605F /* ReadQRCodeController.m in Sources */ = {isa = PBXBuildFile; fileRef = 1A6FD6621B86E01E008B605F /* ReadQRCodeController.m */; };
		1A6FD6651B86E398008B605F /* CoreGraphics.framework in Frameworks */ = {isa = PBXBuildFile; fileRef = 1A6FD6641B86E398008B605F /* CoreGraphics.framework */; };
		1A6FD6671B86E3A1008B605F /* UIKit.framework in Frameworks */ = {isa = PBXBuildFile; fileRef = 1A6FD6661B86E3A1008B605F /* UIKit.framework */; };
		1A6FD6691B86E3AD008B605F /* Foundation.framework in Frameworks */ = {isa = PBXBuildFile; fileRef = 1A6FD6681B86E3AD008B605F /* Foundation.framework */; };
		1A7099B81BFB21C200659214 /* images.jpeg in Resources */ = {isa = PBXBuildFile; fileRef = 1A7099B71BFB21C200659214 /* images.jpeg */; settings = {ASSET_TAGS = (); }; };
		1A7099BA1BFB494D00659214 /* selectGender.jpg in Resources */ = {isa = PBXBuildFile; fileRef = 1A7099B91BFB494D00659214 /* selectGender.jpg */; settings = {ASSET_TAGS = (); }; };
		1A7099BC1BFB49FF00659214 /* main.jpg in Resources */ = {isa = PBXBuildFile; fileRef = 1A7099BB1BFB49FF00659214 /* main.jpg */; settings = {ASSET_TAGS = (); }; };
		1A7099BE1BFB4A1400659214 /* logo.png in Resources */ = {isa = PBXBuildFile; fileRef = 1A7099BD1BFB4A1400659214 /* logo.png */; settings = {ASSET_TAGS = (); }; };
		1A734C041B66A9760054BF7C /* ModelGenderControllerTest.m in Sources */ = {isa = PBXBuildFile; fileRef = 1A734C031B66A9760054BF7C /* ModelGenderControllerTest.m */; };
		1A7FC3791BEB09D6007CFE41 /* buttonBar.png in Resources */ = {isa = PBXBuildFile; fileRef = 1A7FC3781BEB09D6007CFE41 /* buttonBar.png */; settings = {ASSET_TAGS = (); }; };
		1A7FC3841BEB0D6A007CFE41 /* iconModel.png in Resources */ = {isa = PBXBuildFile; fileRef = 1A7FC3811BEB0D6A007CFE41 /* iconModel.png */; settings = {ASSET_TAGS = (); }; };
		1A7FC3851BEB0D6A007CFE41 /* QR.png in Resources */ = {isa = PBXBuildFile; fileRef = 1A7FC3821BEB0D6A007CFE41 /* QR.png */; settings = {ASSET_TAGS = (); }; };
		1A7FC3891BEB0E2E007CFE41 /* clothicon.png in Resources */ = {isa = PBXBuildFile; fileRef = 1A7FC3881BEB0E2E007CFE41 /* clothicon.png */; settings = {ASSET_TAGS = (); }; };
		1A8114ED1B88C66600BB44F8 /* loginscene copy.jpg in Resources */ = {isa = PBXBuildFile; fileRef = 1A8114EC1B88C66600BB44F8 /* loginscene copy.jpg */; };
		1A8114F01B88C9D400BB44F8 /* RegistrationController.m in Sources */ = {isa = PBXBuildFile; fileRef = 1A8114EF1B88C9D400BB44F8 /* RegistrationController.m */; };
		1A8BED901B8868CA001E2301 /* LoginController.m in Sources */ = {isa = PBXBuildFile; fileRef = 1A8BED8F1B8868CA001E2301 /* LoginController.m */; };
		1AD97A281B5AA27500CCD582 /* ViewController.m in Sources */ = {isa = PBXBuildFile; fileRef = 1AD97A271B5AA27500CCD582 /* ViewController.m */; };
		353561E41B470A6F00B83FEF /* aboutUs.jpg in Resources */ = {isa = PBXBuildFile; fileRef = 353561DF1B470A6F00B83FEF /* aboutUs.jpg */; };
		353561E51B470A6F00B83FEF /* bg.jpg in Resources */ = {isa = PBXBuildFile; fileRef = 353561E01B470A6F00B83FEF /* bg.jpg */; };
		353561E61B470A6F00B83FEF /* Genmodel.jpg in Resources */ = {isa = PBXBuildFile; fileRef = 353561E11B470A6F00B83FEF /* Genmodel.jpg */; };
		353561EF1B471F5200B83FEF /* female.png in Resources */ = {isa = PBXBuildFile; fileRef = 353561ED1B471F5200B83FEF /* female.png */; };
		353561F01B471F5200B83FEF /* male.png in Resources */ = {isa = PBXBuildFile; fileRef = 353561EE1B471F5200B83FEF /* male.png */; };
		354F8CE21B4F9F8B00EC88BD /* ModelGenderController.m in Sources */ = {isa = PBXBuildFile; fileRef = 354F8CE11B4F9F8B00EC88BD /* ModelGenderController.m */; };
		355BCE701B496EAE009591E9 /* shortshirt_texture.png in Resources */ = {isa = PBXBuildFile; fileRef = 355BCE6F1B496EAE009591E9 /* shortshirt_texture.png */; };
		355BCE721B496ECD009591E9 /* longshirt_texture.png in Resources */ = {isa = PBXBuildFile; fileRef = 355BCE711B496ECD009591E9 /* longshirt_texture.png */; };
		355BCE7E1B49A25E009591E9 /* home.png in Resources */ = {isa = PBXBuildFile; fileRef = 355BCE7D1B49A25E009591E9 /* home.png */; };
		357A4B4E1B466F000095E887 /* bitstream.c in Sources */ = {isa = PBXBuildFile; fileRef = 357A4B3B1B466F000095E887 /* bitstream.c */; };
		357A4B4F1B466F000095E887 /* mask.c in Sources */ = {isa = PBXBuildFile; fileRef = 357A4B3D1B466F000095E887 /* mask.c */; };
		357A4B501B466F000095E887 /* mmask.c in Sources */ = {isa = PBXBuildFile; fileRef = 357A4B3F1B466F000095E887 /* mmask.c */; };
		357A4B511B466F000095E887 /* mqrspec.c in Sources */ = {isa = PBXBuildFile; fileRef = 357A4B411B466F000095E887 /* mqrspec.c */; };
		357A4B521B466F000095E887 /* qrencode.c in Sources */ = {isa = PBXBuildFile; fileRef = 357A4B431B466F000095E887 /* qrencode.c */; };
		357A4B531B466F000095E887 /* qrinput.c in Sources */ = {isa = PBXBuildFile; fileRef = 357A4B461B466F000095E887 /* qrinput.c */; };
		357A4B541B466F000095E887 /* qrspec.c in Sources */ = {isa = PBXBuildFile; fileRef = 357A4B481B466F000095E887 /* qrspec.c */; };
		357A4B551B466F000095E887 /* rscode.c in Sources */ = {isa = PBXBuildFile; fileRef = 357A4B4A1B466F000095E887 /* rscode.c */; };
		357A4B561B466F000095E887 /* split.c in Sources */ = {isa = PBXBuildFile; fileRef = 357A4B4C1B466F000095E887 /* split.c */; };
		357A4B591B466F0C0095E887 /* GenerateQrCodeController.m in Sources */ = {isa = PBXBuildFile; fileRef = 357A4B581B466F0C0095E887 /* GenerateQrCodeController.m */; };
		357A4B5C1B466F200095E887 /* UIImage+QRCodeGenerator.m in Sources */ = {isa = PBXBuildFile; fileRef = 357A4B5B1B466F200095E887 /* UIImage+QRCodeGenerator.m */; };
		357A4B661B467B0E0095E887 /* ClothModelController.m in Sources */ = {isa = PBXBuildFile; fileRef = 357A4B651B467B0E0095E887 /* ClothModelController.m */; };
		357A4B761B4693530095E887 /* tshirt02_texture.png in Resources */ = {isa = PBXBuildFile; fileRef = 357A4B751B4693530095E887 /* tshirt02_texture.png */; };
		357A4B7A1B4695AD0095E887 /* tshirtButt.jpg in Resources */ = {isa = PBXBuildFile; fileRef = 357A4B791B4695AD0095E887 /* tshirtButt.jpg */; };
		357A4B851B4695DC0095E887 /* aboutus copy.png in Resources */ = {isa = PBXBuildFile; fileRef = 357A4B7C1B4695DC0095E887 /* aboutus copy.png */; };
		357A4B861B4695DC0095E887 /* aboutus.png in Resources */ = {isa = PBXBuildFile; fileRef = 357A4B7D1B4695DC0095E887 /* aboutus.png */; };
		357A4B871B4695DC0095E887 /* arrowback 01-00-34-086.png in Resources */ = {isa = PBXBuildFile; fileRef = 357A4B7E1B4695DC0095E887 /* arrowback 01-00-34-086.png */; };
		357A4B881B4695DC0095E887 /* button.png in Resources */ = {isa = PBXBuildFile; fileRef = 357A4B7F1B4695DC0095E887 /* button.png */; };
		357A4B891B4695DC0095E887 /* clothesCaegories.png in Resources */ = {isa = PBXBuildFile; fileRef = 357A4B801B4695DC0095E887 /* clothesCaegories.png */; };
		357A4B8A1B4695DC0095E887 /* fittingClothes.jpg in Resources */ = {isa = PBXBuildFile; fileRef = 357A4B811B4695DC0095E887 /* fittingClothes.jpg */; };
		357A4B8B1B4695DC0095E887 /* generateModel.png in Resources */ = {isa = PBXBuildFile; fileRef = 357A4B821B4695DC0095E887 /* generateModel.png */; };
		357A4B8C1B4695DC0095E887 /* ModelQRcode.png in Resources */ = {isa = PBXBuildFile; fileRef = 357A4B831B4695DC0095E887 /* ModelQRcode.png */; };
		357A4B8D1B4695DC0095E887 /* scanQRcode.png in Resources */ = {isa = PBXBuildFile; fileRef = 357A4B841B4695DC0095E887 /* scanQRcode.png */; };
		357A4B901B4696750095E887 /* LongshirtButt.jpg in Resources */ = {isa = PBXBuildFile; fileRef = 357A4B8E1B4696750095E887 /* LongshirtButt.jpg */; };
		357A4B911B4696750095E887 /* Shortshirt_Texture_Button.jpg in Resources */ = {isa = PBXBuildFile; fileRef = 357A4B8F1B4696750095E887 /* Shortshirt_Texture_Button.jpg */; };
		358CB6E81B4665AA009E9C83 /* MM1.dae in Resources */ = {isa = PBXBuildFile; fileRef = 358CB6D81B4665AA009E9C83 /* MM1.dae */; };
		358CB6E91B4665AA009E9C83 /* MM2.dae in Resources */ = {isa = PBXBuildFile; fileRef = 358CB6D91B4665AA009E9C83 /* MM2.dae */; };
		358CB6EA1B4665AA009E9C83 /* MM3.dae in Resources */ = {isa = PBXBuildFile; fileRef = 358CB6DA1B4665AA009E9C83 /* MM3.dae */; };
		358CB6EB1B4665AA009E9C83 /* MM4.dae in Resources */ = {isa = PBXBuildFile; fileRef = 358CB6DB1B4665AA009E9C83 /* MM4.dae */; };
		358CB6EC1B4665AA009E9C83 /* MM5.dae in Resources */ = {isa = PBXBuildFile; fileRef = 358CB6DC1B4665AA009E9C83 /* MM5.dae */; };
		358CB6ED1B4665AA009E9C83 /* MXL1.dae in Resources */ = {isa = PBXBuildFile; fileRef = 358CB6DD1B4665AA009E9C83 /* MXL1.dae */; };
		358CB6EE1B4665AA009E9C83 /* MXL2.dae in Resources */ = {isa = PBXBuildFile; fileRef = 358CB6DE1B4665AA009E9C83 /* MXL2.dae */; };
		358CB6EF1B4665AA009E9C83 /* MXL3.dae in Resources */ = {isa = PBXBuildFile; fileRef = 358CB6DF1B4665AA009E9C83 /* MXL3.dae */; };
		358CB6F01B4665AA009E9C83 /* MXL4.dae in Resources */ = {isa = PBXBuildFile; fileRef = 358CB6E01B4665AA009E9C83 /* MXL4.dae */; };
		358CB6F11B4665AA009E9C83 /* MXL5.dae in Resources */ = {isa = PBXBuildFile; fileRef = 358CB6E11B4665AA009E9C83 /* MXL5.dae */; };
		358CB6F21B4665AA009E9C83 /* MXS1.dae in Resources */ = {isa = PBXBuildFile; fileRef = 358CB6E21B4665AA009E9C83 /* MXS1.dae */; };
		358CB6F31B4665AA009E9C83 /* MXS2.dae in Resources */ = {isa = PBXBuildFile; fileRef = 358CB6E31B4665AA009E9C83 /* MXS2.dae */; };
		358CB6F41B4665AA009E9C83 /* MXS3.dae in Resources */ = {isa = PBXBuildFile; fileRef = 358CB6E41B4665AA009E9C83 /* MXS3.dae */; };
		358CB6F51B4665AA009E9C83 /* MXS4.dae in Resources */ = {isa = PBXBuildFile; fileRef = 358CB6E51B4665AA009E9C83 /* MXS4.dae */; };
		358CB6F61B4665AA009E9C83 /* MXS5.dae in Resources */ = {isa = PBXBuildFile; fileRef = 358CB6E61B4665AA009E9C83 /* MXS5.dae */; };
		358CB6F71B4665AA009E9C83 /* textures in Resources */ = {isa = PBXBuildFile; fileRef = 358CB6E71B4665AA009E9C83 /* textures */; };
		3592A31B1B5161A400E3C1BC /* SL_SMM.dae in Resources */ = {isa = PBXBuildFile; fileRef = 3592A3161B5161A400E3C1BC /* SL_SMM.dae */; };
		3592A31C1B5161A400E3C1BC /* SM_SMM.dae in Resources */ = {isa = PBXBuildFile; fileRef = 3592A3171B5161A400E3C1BC /* SM_SMM.dae */; };
		3592A31D1B5161A400E3C1BC /* SS_SMM.dae in Resources */ = {isa = PBXBuildFile; fileRef = 3592A3181B5161A400E3C1BC /* SS_SMM.dae */; };
		3592A31E1B5161A400E3C1BC /* SXL_SMM.dae in Resources */ = {isa = PBXBuildFile; fileRef = 3592A3191B5161A400E3C1BC /* SXL_SMM.dae */; };
		3592A31F1B5161A400E3C1BC /* SXS_SMM.dae in Resources */ = {isa = PBXBuildFile; fileRef = 3592A31A1B5161A400E3C1BC /* SXS_SMM.dae */; };
		3592A3251B5161AE00E3C1BC /* SL_XLM.dae in Resources */ = {isa = PBXBuildFile; fileRef = 3592A3201B5161AE00E3C1BC /* SL_XLM.dae */; };
		3592A3261B5161AE00E3C1BC /* SM_XLM.dae in Resources */ = {isa = PBXBuildFile; fileRef = 3592A3211B5161AE00E3C1BC /* SM_XLM.dae */; };
		3592A3271B5161AE00E3C1BC /* SS_XLM.dae in Resources */ = {isa = PBXBuildFile; fileRef = 3592A3221B5161AE00E3C1BC /* SS_XLM.dae */; };
		3592A3281B5161AE00E3C1BC /* SXL_XLM.dae in Resources */ = {isa = PBXBuildFile; fileRef = 3592A3231B5161AE00E3C1BC /* SXL_XLM.dae */; };
		3592A3291B5161AE00E3C1BC /* SXS_XLM.dae in Resources */ = {isa = PBXBuildFile; fileRef = 3592A3241B5161AE00E3C1BC /* SXS_XLM.dae */; };
		3592A32F1B5161C300E3C1BC /* LL_SMM.dae in Resources */ = {isa = PBXBuildFile; fileRef = 3592A32A1B5161C300E3C1BC /* LL_SMM.dae */; };
		3592A3301B5161C300E3C1BC /* LM_SMM.dae in Resources */ = {isa = PBXBuildFile; fileRef = 3592A32B1B5161C300E3C1BC /* LM_SMM.dae */; };
		3592A3311B5161C300E3C1BC /* LS_SMM.dae in Resources */ = {isa = PBXBuildFile; fileRef = 3592A32C1B5161C300E3C1BC /* LS_SMM.dae */; };
		3592A3321B5161C300E3C1BC /* LXL_SMM.dae in Resources */ = {isa = PBXBuildFile; fileRef = 3592A32D1B5161C300E3C1BC /* LXL_SMM.dae */; };
		3592A3331B5161C300E3C1BC /* LXS_SMM.dae in Resources */ = {isa = PBXBuildFile; fileRef = 3592A32E1B5161C300E3C1BC /* LXS_SMM.dae */; };
		3592A3391B5161CB00E3C1BC /* LL_XLM.dae in Resources */ = {isa = PBXBuildFile; fileRef = 3592A3341B5161CB00E3C1BC /* LL_XLM.dae */; };
		3592A33A1B5161CB00E3C1BC /* LM_XLM.dae in Resources */ = {isa = PBXBuildFile; fileRef = 3592A3351B5161CB00E3C1BC /* LM_XLM.dae */; };
		3592A33B1B5161CB00E3C1BC /* LS_XLM.dae in Resources */ = {isa = PBXBuildFile; fileRef = 3592A3361B5161CB00E3C1BC /* LS_XLM.dae */; };
		3592A33C1B5161CB00E3C1BC /* LXL_XLM.dae in Resources */ = {isa = PBXBuildFile; fileRef = 3592A3371B5161CB00E3C1BC /* LXL_XLM.dae */; };
		3592A33D1B5161CB00E3C1BC /* LXS_XLM.dae in Resources */ = {isa = PBXBuildFile; fileRef = 3592A3381B5161CB00E3C1BC /* LXS_XLM.dae */; };
		3592A3431B5161F100E3C1BC /* TL_SMM.dae in Resources */ = {isa = PBXBuildFile; fileRef = 3592A33E1B5161F100E3C1BC /* TL_SMM.dae */; };
		3592A3441B5161F100E3C1BC /* TM_SMM.dae in Resources */ = {isa = PBXBuildFile; fileRef = 3592A33F1B5161F100E3C1BC /* TM_SMM.dae */; };
		3592A3451B5161F100E3C1BC /* TS_SMM.dae in Resources */ = {isa = PBXBuildFile; fileRef = 3592A3401B5161F100E3C1BC /* TS_SMM.dae */; };
		3592A3461B5161F100E3C1BC /* TXL_SMM.dae in Resources */ = {isa = PBXBuildFile; fileRef = 3592A3411B5161F100E3C1BC /* TXL_SMM.dae */; };
		3592A3471B5161F100E3C1BC /* TXS_SMM.dae in Resources */ = {isa = PBXBuildFile; fileRef = 3592A3421B5161F100E3C1BC /* TXS_SMM.dae */; };
		3592A34D1B5161F900E3C1BC /* TL_XLM.dae in Resources */ = {isa = PBXBuildFile; fileRef = 3592A3481B5161F900E3C1BC /* TL_XLM.dae */; };
		3592A34E1B5161F900E3C1BC /* TM_XLM.dae in Resources */ = {isa = PBXBuildFile; fileRef = 3592A3491B5161F900E3C1BC /* TM_XLM.dae */; };
		3592A34F1B5161F900E3C1BC /* TS_XLM.dae in Resources */ = {isa = PBXBuildFile; fileRef = 3592A34A1B5161F900E3C1BC /* TS_XLM.dae */; };
		3592A3501B5161F900E3C1BC /* TXL_XLM.dae in Resources */ = {isa = PBXBuildFile; fileRef = 3592A34B1B5161F900E3C1BC /* TXL_XLM.dae */; };
		3592A3511B5161F900E3C1BC /* TXS_XLM.dae in Resources */ = {isa = PBXBuildFile; fileRef = 3592A34C1B5161F900E3C1BC /* TXS_XLM.dae */; };
		3592A3581B51626300E3C1BC /* tshirtfemale_texture.jpg in Resources */ = {isa = PBXBuildFile; fileRef = 3592A3571B51626300E3C1BC /* tshirtfemale_texture.jpg */; };
		3592A35E1B51626B00E3C1BC /* TL_SMF.dae in Resources */ = {isa = PBXBuildFile; fileRef = 3592A3591B51626B00E3C1BC /* TL_SMF.dae */; };
		3592A35F1B51626B00E3C1BC /* TM_SMF.dae in Resources */ = {isa = PBXBuildFile; fileRef = 3592A35A1B51626B00E3C1BC /* TM_SMF.dae */; };
		3592A3601B51626B00E3C1BC /* TS_SMF.dae in Resources */ = {isa = PBXBuildFile; fileRef = 3592A35B1B51626B00E3C1BC /* TS_SMF.dae */; };
		3592A3611B51626B00E3C1BC /* TXL_SMF.dae in Resources */ = {isa = PBXBuildFile; fileRef = 3592A35C1B51626B00E3C1BC /* TXL_SMF.dae */; };
		3592A3621B51626B00E3C1BC /* TXS_SMF.dae in Resources */ = {isa = PBXBuildFile; fileRef = 3592A35D1B51626B00E3C1BC /* TXS_SMF.dae */; };
		3592A3681B51627000E3C1BC /* TL_XLF.dae in Resources */ = {isa = PBXBuildFile; fileRef = 3592A3631B51627000E3C1BC /* TL_XLF.dae */; };
		3592A3691B51627000E3C1BC /* TM_XLF.dae in Resources */ = {isa = PBXBuildFile; fileRef = 3592A3641B51627000E3C1BC /* TM_XLF.dae */; };
		3592A36A1B51627000E3C1BC /* TS_XLF.dae in Resources */ = {isa = PBXBuildFile; fileRef = 3592A3651B51627000E3C1BC /* TS_XLF.dae */; };
		3592A36B1B51627000E3C1BC /* TXL_XLF.dae in Resources */ = {isa = PBXBuildFile; fileRef = 3592A3661B51627000E3C1BC /* TXL_XLF.dae */; };
		3592A36C1B51627000E3C1BC /* TXS_XLF.dae in Resources */ = {isa = PBXBuildFile; fileRef = 3592A3671B51627000E3C1BC /* TXS_XLF.dae */; };
		3592A3721B51627C00E3C1BC /* SL_SMF.dae in Resources */ = {isa = PBXBuildFile; fileRef = 3592A36D1B51627C00E3C1BC /* SL_SMF.dae */; };
		3592A3731B51627C00E3C1BC /* SM_SMF.dae in Resources */ = {isa = PBXBuildFile; fileRef = 3592A36E1B51627C00E3C1BC /* SM_SMF.dae */; };
		3592A3741B51627C00E3C1BC /* SS_SMF.dae in Resources */ = {isa = PBXBuildFile; fileRef = 3592A36F1B51627C00E3C1BC /* SS_SMF.dae */; };
		3592A3751B51627C00E3C1BC /* SXL_SMF.dae in Resources */ = {isa = PBXBuildFile; fileRef = 3592A3701B51627C00E3C1BC /* SXL_SMF.dae */; };
		3592A3761B51627C00E3C1BC /* SXS_SMF.dae in Resources */ = {isa = PBXBuildFile; fileRef = 3592A3711B51627C00E3C1BC /* SXS_SMF.dae */; };
		3592A37C1B51628E00E3C1BC /* SL_XLF.dae in Resources */ = {isa = PBXBuildFile; fileRef = 3592A3771B51628E00E3C1BC /* SL_XLF.dae */; };
		3592A37D1B51628E00E3C1BC /* SM_XLF.dae in Resources */ = {isa = PBXBuildFile; fileRef = 3592A3781B51628E00E3C1BC /* SM_XLF.dae */; };
		3592A37E1B51628E00E3C1BC /* SS_XLF.dae in Resources */ = {isa = PBXBuildFile; fileRef = 3592A3791B51628E00E3C1BC /* SS_XLF.dae */; };
		3592A37F1B51628E00E3C1BC /* SXL_XLF.dae in Resources */ = {isa = PBXBuildFile; fileRef = 3592A37A1B51628E00E3C1BC /* SXL_XLF.dae */; };
		3592A3801B51628E00E3C1BC /* SXS_XLF.dae in Resources */ = {isa = PBXBuildFile; fileRef = 3592A37B1B51628E00E3C1BC /* SXS_XLF.dae */; };
		3592A3861B51629800E3C1BC /* LL_SMF.dae in Resources */ = {isa = PBXBuildFile; fileRef = 3592A3811B51629800E3C1BC /* LL_SMF.dae */; };
		3592A3A41B51A8AB00E3C1BC /* FM1.dae in Resources */ = {isa = PBXBuildFile; fileRef = 3592A39F1B51A8AA00E3C1BC /* FM1.dae */; };
		3592A3A51B51A8AB00E3C1BC /* FM2.dae in Resources */ = {isa = PBXBuildFile; fileRef = 3592A3A01B51A8AB00E3C1BC /* FM2.dae */; };
		3592A3AC1B51AEBA00E3C1BC /* FM3.dae in Resources */ = {isa = PBXBuildFile; fileRef = 3592A3A91B51AEBA00E3C1BC /* FM3.dae */; };
		3592A3AD1B51AEBA00E3C1BC /* FM4.dae in Resources */ = {isa = PBXBuildFile; fileRef = 3592A3AA1B51AEBA00E3C1BC /* FM4.dae */; };
		3592A3B01B51B76B00E3C1BC /* FM5.dae in Resources */ = {isa = PBXBuildFile; fileRef = 3592A3AF1B51B76B00E3C1BC /* FM5.dae */; };
		3592A3BB1B51BD7700E3C1BC /* FXL1.dae in Resources */ = {isa = PBXBuildFile; fileRef = 3592A3B11B51BD7700E3C1BC /* FXL1.dae */; };
		3592A3BC1B51BD7700E3C1BC /* FXL2.dae in Resources */ = {isa = PBXBuildFile; fileRef = 3592A3B21B51BD7700E3C1BC /* FXL2.dae */; };
		3592A3BD1B51BD7700E3C1BC /* FXL3.dae in Resources */ = {isa = PBXBuildFile; fileRef = 3592A3B31B51BD7700E3C1BC /* FXL3.dae */; };
		3592A3BE1B51BD7700E3C1BC /* FXL4.dae in Resources */ = {isa = PBXBuildFile; fileRef = 3592A3B41B51BD7700E3C1BC /* FXL4.dae */; };
		3592A3BF1B51BD7700E3C1BC /* FXL5.dae in Resources */ = {isa = PBXBuildFile; fileRef = 3592A3B51B51BD7700E3C1BC /* FXL5.dae */; };
		3592A3C01B51BD7700E3C1BC /* FXS1.dae in Resources */ = {isa = PBXBuildFile; fileRef = 3592A3B61B51BD7700E3C1BC /* FXS1.dae */; };
		3592A3C11B51BD7700E3C1BC /* FXS2.dae in Resources */ = {isa = PBXBuildFile; fileRef = 3592A3B71B51BD7700E3C1BC /* FXS2.dae */; };
		3592A3C21B51BD7700E3C1BC /* FXS3.dae in Resources */ = {isa = PBXBuildFile; fileRef = 3592A3B81B51BD7700E3C1BC /* FXS3.dae */; };
		3592A3C31B51BD7700E3C1BC /* FXS4.dae in Resources */ = {isa = PBXBuildFile; fileRef = 3592A3B91B51BD7700E3C1BC /* FXS4.dae */; };
		3592A3C41B51BD7700E3C1BC /* FXS5.dae in Resources */ = {isa = PBXBuildFile; fileRef = 3592A3BA1B51BD7700E3C1BC /* FXS5.dae */; };
		35ECF9BC1B18666F00F3C69D /* main.m in Sources */ = {isa = PBXBuildFile; fileRef = 35ECF9BB1B18666F00F3C69D /* main.m */; };
		35ECF9BF1B18666F00F3C69D /* AppDelegate.m in Sources */ = {isa = PBXBuildFile; fileRef = 35ECF9BE1B18666F00F3C69D /* AppDelegate.m */; };
		35ECF9C21B18666F00F3C69D /* HumanModelController.m in Sources */ = {isa = PBXBuildFile; fileRef = 35ECF9C11B18666F00F3C69D /* HumanModelController.m */; };
		35ECF9C51B18666F00F3C69D /* Main.storyboard in Resources */ = {isa = PBXBuildFile; fileRef = 35ECF9C31B18666F00F3C69D /* Main.storyboard */; };
		35ECF9C71B18666F00F3C69D /* Images.xcassets in Resources */ = {isa = PBXBuildFile; fileRef = 35ECF9C61B18666F00F3C69D /* Images.xcassets */; };
		35ECF9CA1B18666F00F3C69D /* LaunchScreen.xib in Resources */ = {isa = PBXBuildFile; fileRef = 35ECF9C81B18666F00F3C69D /* LaunchScreen.xib */; };
		35ECF9D61B18666F00F3C69D /* FitToFastTests.m in Sources */ = {isa = PBXBuildFile; fileRef = 35ECF9D51B18666F00F3C69D /* FitToFastTests.m */; };
/* End PBXBuildFile section */

/* Begin PBXContainerItemProxy section */
		35ECF9D01B18666F00F3C69D /* PBXContainerItemProxy */ = {
			isa = PBXContainerItemProxy;
			containerPortal = 35ECF9AE1B18666E00F3C69D /* Project object */;
			proxyType = 1;
			remoteGlobalIDString = 35ECF9B51B18666E00F3C69D;
			remoteInfo = FitToFast;
		};
/* End PBXContainerItemProxy section */

/* Begin PBXFileReference section */
		1A0758101BFA2316004C5BFD /* ViewListProduct.h */ = {isa = PBXFileReference; fileEncoding = 4; lastKnownFileType = sourcecode.c.h; name = ViewListProduct.h; path = ../ViewListProduct.h; sourceTree = "<group>"; };
		1A0758111BFA2316004C5BFD /* ViewListProduct.m */ = {isa = PBXFileReference; fileEncoding = 4; lastKnownFileType = sourcecode.c.objc; name = ViewListProduct.m; path = ../ViewListProduct.m; sourceTree = "<group>"; };
		1A0758131BFA2327004C5BFD /* ProductController.h */ = {isa = PBXFileReference; fileEncoding = 4; lastKnownFileType = sourcecode.c.h; name = ProductController.h; path = ../ProductController.h; sourceTree = "<group>"; };
		1A0758141BFA2327004C5BFD /* ProductController.m */ = {isa = PBXFileReference; fileEncoding = 4; lastKnownFileType = sourcecode.c.objc; name = ProductController.m; path = ../ProductController.m; sourceTree = "<group>"; };
		1A1D8E681B624A33009DAACB /* LM_SMF.dae */ = {isa = PBXFileReference; fileEncoding = 4; lastKnownFileType = text.xml.dae; path = LM_SMF.dae; sourceTree = "<group>"; };
		1A1D8E691B624A33009DAACB /* LS_SMF.dae */ = {isa = PBXFileReference; fileEncoding = 4; lastKnownFileType = text.xml.dae; path = LS_SMF.dae; sourceTree = "<group>"; };
		1A1D8E6A1B624A33009DAACB /* LXL_SMF.dae */ = {isa = PBXFileReference; fileEncoding = 4; lastKnownFileType = text.xml.dae; path = LXL_SMF.dae; sourceTree = "<group>"; };
		1A1D8E6B1B624A33009DAACB /* LXS_SMF.dae */ = {isa = PBXFileReference; fileEncoding = 4; lastKnownFileType = text.xml.dae; path = LXS_SMF.dae; sourceTree = "<group>"; };
		1A1D8E701B624A89009DAACB /* LL_XLF.dae */ = {isa = PBXFileReference; fileEncoding = 4; lastKnownFileType = text.xml.dae; name = LL_XLF.dae; path = ../LL_XLF.dae; sourceTree = "<group>"; };
		1A1D8E711B624A89009DAACB /* LM_XLF.dae */ = {isa = PBXFileReference; fileEncoding = 4; lastKnownFileType = text.xml.dae; name = LM_XLF.dae; path = ../LM_XLF.dae; sourceTree = "<group>"; };
		1A1D8E721B624A89009DAACB /* LS_XLF.dae */ = {isa = PBXFileReference; fileEncoding = 4; lastKnownFileType = text.xml.dae; name = LS_XLF.dae; path = ../LS_XLF.dae; sourceTree = "<group>"; };
		1A1D8E731B624A89009DAACB /* LXL_XLF.dae */ = {isa = PBXFileReference; fileEncoding = 4; lastKnownFileType = text.xml.dae; name = LXL_XLF.dae; path = ../LXL_XLF.dae; sourceTree = "<group>"; };
		1A1D8E741B624A89009DAACB /* LXS_XLF.dae */ = {isa = PBXFileReference; fileEncoding = 4; lastKnownFileType = text.xml.dae; name = LXS_XLF.dae; path = ../LXS_XLF.dae; sourceTree = "<group>"; };
		1A41EF291BB6A864000A9A2A /* QrProductController.h */ = {isa = PBXFileReference; fileEncoding = 4; lastKnownFileType = sourcecode.c.h; path = QrProductController.h; sourceTree = "<group>"; };
		1A41EF2A1BB6A864000A9A2A /* QrProductController.m */ = {isa = PBXFileReference; fileEncoding = 4; lastKnownFileType = sourcecode.c.objc; path = QrProductController.m; sourceTree = "<group>"; };
		1A4F35A81B919D87002CE0C3 /* GenerateProductQrCodeController.h */ = {isa = PBXFileReference; fileEncoding = 4; lastKnownFileType = sourcecode.c.h; path = GenerateProductQrCodeController.h; sourceTree = "<group>"; };
		1A4F35A91B919D87002CE0C3 /* GenerateProductQrCodeController.m */ = {isa = PBXFileReference; fileEncoding = 4; lastKnownFileType = sourcecode.c.objc; path = GenerateProductQrCodeController.m; sourceTree = "<group>"; };
		1A5631D81B999D1D00CA348A /* HumanController.h */ = {isa = PBXFileReference; fileEncoding = 4; lastKnownFileType = sourcecode.c.h; path = HumanController.h; sourceTree = "<group>"; };
		1A5631D91B999D1D00CA348A /* HumanController.m */ = {isa = PBXFileReference; fileEncoding = 4; lastKnownFileType = sourcecode.c.objc; path = HumanController.m; sourceTree = "<group>"; };
		1A6804071B92E20800D028C5 /* logout.png */ = {isa = PBXFileReference; lastKnownFileType = image.png; path = logout.png; sourceTree = "<group>"; };
		1A6FD6611B86E01E008B605F /* ReadQRCodeController.h */ = {isa = PBXFileReference; fileEncoding = 4; lastKnownFileType = sourcecode.c.h; path = ReadQRCodeController.h; sourceTree = "<group>"; };
		1A6FD6621B86E01E008B605F /* ReadQRCodeController.m */ = {isa = PBXFileReference; fileEncoding = 4; lastKnownFileType = sourcecode.c.objc; path = ReadQRCodeController.m; sourceTree = "<group>"; };
		1A6FD6641B86E398008B605F /* CoreGraphics.framework */ = {isa = PBXFileReference; lastKnownFileType = wrapper.framework; name = CoreGraphics.framework; path = System/Library/Frameworks/CoreGraphics.framework; sourceTree = SDKROOT; };
		1A6FD6661B86E3A1008B605F /* UIKit.framework */ = {isa = PBXFileReference; lastKnownFileType = wrapper.framework; name = UIKit.framework; path = System/Library/Frameworks/UIKit.framework; sourceTree = SDKROOT; };
		1A6FD6681B86E3AD008B605F /* Foundation.framework */ = {isa = PBXFileReference; lastKnownFileType = wrapper.framework; name = Foundation.framework; path = System/Library/Frameworks/Foundation.framework; sourceTree = SDKROOT; };
		1A7099B71BFB21C200659214 /* images.jpeg */ = {isa = PBXFileReference; lastKnownFileType = image.jpeg; path = images.jpeg; sourceTree = "<group>"; };
		1A7099B91BFB494D00659214 /* selectGender.jpg */ = {isa = PBXFileReference; lastKnownFileType = image.jpeg; path = selectGender.jpg; sourceTree = "<group>"; };
		1A7099BB1BFB49FF00659214 /* main.jpg */ = {isa = PBXFileReference; lastKnownFileType = image.jpeg; path = main.jpg; sourceTree = "<group>"; };
		1A7099BD1BFB4A1400659214 /* logo.png */ = {isa = PBXFileReference; lastKnownFileType = image.png; path = logo.png; sourceTree = "<group>"; };
		1A734C031B66A9760054BF7C /* ModelGenderControllerTest.m */ = {isa = PBXFileReference; fileEncoding = 4; lastKnownFileType = sourcecode.c.objc; path = ModelGenderControllerTest.m; sourceTree = "<group>"; };
		1A7FC3781BEB09D6007CFE41 /* buttonBar.png */ = {isa = PBXFileReference; lastKnownFileType = image.png; path = buttonBar.png; sourceTree = "<group>"; };
		1A7FC3811BEB0D6A007CFE41 /* iconModel.png */ = {isa = PBXFileReference; lastKnownFileType = image.png; path = iconModel.png; sourceTree = "<group>"; };
		1A7FC3821BEB0D6A007CFE41 /* QR.png */ = {isa = PBXFileReference; lastKnownFileType = image.png; path = QR.png; sourceTree = "<group>"; };
		1A7FC3881BEB0E2E007CFE41 /* clothicon.png */ = {isa = PBXFileReference; lastKnownFileType = image.png; path = clothicon.png; sourceTree = "<group>"; };
		1A8114EC1B88C66600BB44F8 /* loginscene copy.jpg */ = {isa = PBXFileReference; lastKnownFileType = image.jpeg; path = "loginscene copy.jpg"; sourceTree = "<group>"; };
		1A8114EE1B88C9D400BB44F8 /* RegistrationController.h */ = {isa = PBXFileReference; fileEncoding = 4; lastKnownFileType = sourcecode.c.h; path = RegistrationController.h; sourceTree = "<group>"; };
		1A8114EF1B88C9D400BB44F8 /* RegistrationController.m */ = {isa = PBXFileReference; fileEncoding = 4; lastKnownFileType = sourcecode.c.objc; path = RegistrationController.m; sourceTree = "<group>"; };
		1A8B37401B9EE9640047F2BB /* CoreData.framework */ = {isa = PBXFileReference; lastKnownFileType = wrapper.framework; name = CoreData.framework; path = System/Library/Frameworks/CoreData.framework; sourceTree = SDKROOT; };
		1A8B37421B9EEAD00047F2BB /* CoreLocation.framework */ = {isa = PBXFileReference; lastKnownFileType = wrapper.framework; name = CoreLocation.framework; path = System/Library/Frameworks/CoreLocation.framework; sourceTree = SDKROOT; };
		1A8BED8E1B8868CA001E2301 /* LoginController.h */ = {isa = PBXFileReference; fileEncoding = 4; lastKnownFileType = sourcecode.c.h; path = LoginController.h; sourceTree = "<group>"; };
		1A8BED8F1B8868CA001E2301 /* LoginController.m */ = {isa = PBXFileReference; fileEncoding = 4; lastKnownFileType = sourcecode.c.objc; path = LoginController.m; sourceTree = "<group>"; };
		1AD97A261B5AA27500CCD582 /* ViewController.h */ = {isa = PBXFileReference; fileEncoding = 4; lastKnownFileType = sourcecode.c.h; name = ViewController.h; path = ../ViewController.h; sourceTree = "<group>"; };
		1AD97A271B5AA27500CCD582 /* ViewController.m */ = {isa = PBXFileReference; fileEncoding = 4; lastKnownFileType = sourcecode.c.objc; name = ViewController.m; path = ../ViewController.m; sourceTree = "<group>"; };
		353561DF1B470A6F00B83FEF /* aboutUs.jpg */ = {isa = PBXFileReference; lastKnownFileType = image.jpeg; path = aboutUs.jpg; sourceTree = "<group>"; };
		353561E01B470A6F00B83FEF /* bg.jpg */ = {isa = PBXFileReference; lastKnownFileType = image.jpeg; path = bg.jpg; sourceTree = "<group>"; };
		353561E11B470A6F00B83FEF /* Genmodel.jpg */ = {isa = PBXFileReference; lastKnownFileType = image.jpeg; path = Genmodel.jpg; sourceTree = "<group>"; };
		353561ED1B471F5200B83FEF /* female.png */ = {isa = PBXFileReference; lastKnownFileType = image.png; path = female.png; sourceTree = "<group>"; };
		353561EE1B471F5200B83FEF /* male.png */ = {isa = PBXFileReference; lastKnownFileType = image.png; path = male.png; sourceTree = "<group>"; };
		354F8CE01B4F9F8B00EC88BD /* ModelGenderController.h */ = {isa = PBXFileReference; fileEncoding = 4; lastKnownFileType = sourcecode.c.h; path = ModelGenderController.h; sourceTree = "<group>"; };
		354F8CE11B4F9F8B00EC88BD /* ModelGenderController.m */ = {isa = PBXFileReference; fileEncoding = 4; lastKnownFileType = sourcecode.c.objc; path = ModelGenderController.m; sourceTree = "<group>"; };
		355BCE6F1B496EAE009591E9 /* shortshirt_texture.png */ = {isa = PBXFileReference; lastKnownFileType = image.png; path = shortshirt_texture.png; sourceTree = "<group>"; };
		355BCE711B496ECD009591E9 /* longshirt_texture.png */ = {isa = PBXFileReference; lastKnownFileType = image.png; path = longshirt_texture.png; sourceTree = "<group>"; };
		355BCE7D1B49A25E009591E9 /* home.png */ = {isa = PBXFileReference; lastKnownFileType = image.png; path = home.png; sourceTree = "<group>"; };
		357A4B3A1B466F000095E887 /* config.h */ = {isa = PBXFileReference; fileEncoding = 4; lastKnownFileType = sourcecode.c.h; path = config.h; sourceTree = "<group>"; };
		357A4B3B1B466F000095E887 /* bitstream.c */ = {isa = PBXFileReference; fileEncoding = 4; lastKnownFileType = sourcecode.c.c; path = bitstream.c; sourceTree = "<group>"; };
		357A4B3C1B466F000095E887 /* bitstream.h */ = {isa = PBXFileReference; fileEncoding = 4; lastKnownFileType = sourcecode.c.h; path = bitstream.h; sourceTree = "<group>"; };
		357A4B3D1B466F000095E887 /* mask.c */ = {isa = PBXFileReference; fileEncoding = 4; lastKnownFileType = sourcecode.c.c; path = mask.c; sourceTree = "<group>"; };
		357A4B3E1B466F000095E887 /* mask.h */ = {isa = PBXFileReference; fileEncoding = 4; lastKnownFileType = sourcecode.c.h; path = mask.h; sourceTree = "<group>"; };
		357A4B3F1B466F000095E887 /* mmask.c */ = {isa = PBXFileReference; fileEncoding = 4; lastKnownFileType = sourcecode.c.c; path = mmask.c; sourceTree = "<group>"; };
		357A4B401B466F000095E887 /* mmask.h */ = {isa = PBXFileReference; fileEncoding = 4; lastKnownFileType = sourcecode.c.h; path = mmask.h; sourceTree = "<group>"; };
		357A4B411B466F000095E887 /* mqrspec.c */ = {isa = PBXFileReference; fileEncoding = 4; lastKnownFileType = sourcecode.c.c; path = mqrspec.c; sourceTree = "<group>"; };
		357A4B421B466F000095E887 /* mqrspec.h */ = {isa = PBXFileReference; fileEncoding = 4; lastKnownFileType = sourcecode.c.h; path = mqrspec.h; sourceTree = "<group>"; };
		357A4B431B466F000095E887 /* qrencode.c */ = {isa = PBXFileReference; fileEncoding = 4; lastKnownFileType = sourcecode.c.c; path = qrencode.c; sourceTree = "<group>"; };
		357A4B441B466F000095E887 /* qrencode.h */ = {isa = PBXFileReference; fileEncoding = 4; lastKnownFileType = sourcecode.c.h; path = qrencode.h; sourceTree = "<group>"; };
		357A4B451B466F000095E887 /* qrencode_inner.h */ = {isa = PBXFileReference; fileEncoding = 4; lastKnownFileType = sourcecode.c.h; path = qrencode_inner.h; sourceTree = "<group>"; };
		357A4B461B466F000095E887 /* qrinput.c */ = {isa = PBXFileReference; fileEncoding = 4; lastKnownFileType = sourcecode.c.c; path = qrinput.c; sourceTree = "<group>"; };
		357A4B471B466F000095E887 /* qrinput.h */ = {isa = PBXFileReference; fileEncoding = 4; lastKnownFileType = sourcecode.c.h; path = qrinput.h; sourceTree = "<group>"; };
		357A4B481B466F000095E887 /* qrspec.c */ = {isa = PBXFileReference; fileEncoding = 4; lastKnownFileType = sourcecode.c.c; path = qrspec.c; sourceTree = "<group>"; };
		357A4B491B466F000095E887 /* qrspec.h */ = {isa = PBXFileReference; fileEncoding = 4; lastKnownFileType = sourcecode.c.h; path = qrspec.h; sourceTree = "<group>"; };
		357A4B4A1B466F000095E887 /* rscode.c */ = {isa = PBXFileReference; fileEncoding = 4; lastKnownFileType = sourcecode.c.c; path = rscode.c; sourceTree = "<group>"; };
		357A4B4B1B466F000095E887 /* rscode.h */ = {isa = PBXFileReference; fileEncoding = 4; lastKnownFileType = sourcecode.c.h; path = rscode.h; sourceTree = "<group>"; };
		357A4B4C1B466F000095E887 /* split.c */ = {isa = PBXFileReference; fileEncoding = 4; lastKnownFileType = sourcecode.c.c; path = split.c; sourceTree = "<group>"; };
		357A4B4D1B466F000095E887 /* split.h */ = {isa = PBXFileReference; fileEncoding = 4; lastKnownFileType = sourcecode.c.h; path = split.h; sourceTree = "<group>"; };
		357A4B571B466F0C0095E887 /* GenerateQrCodeController.h */ = {isa = PBXFileReference; fileEncoding = 4; lastKnownFileType = sourcecode.c.h; path = GenerateQrCodeController.h; sourceTree = "<group>"; };
		357A4B581B466F0C0095E887 /* GenerateQrCodeController.m */ = {isa = PBXFileReference; fileEncoding = 4; lastKnownFileType = sourcecode.c.objc; path = GenerateQrCodeController.m; sourceTree = "<group>"; };
		357A4B5A1B466F200095E887 /* UIImage+QRCodeGenerator.h */ = {isa = PBXFileReference; fileEncoding = 4; lastKnownFileType = sourcecode.c.h; path = "UIImage+QRCodeGenerator.h"; sourceTree = "<group>"; };
		357A4B5B1B466F200095E887 /* UIImage+QRCodeGenerator.m */ = {isa = PBXFileReference; fileEncoding = 4; lastKnownFileType = sourcecode.c.objc; path = "UIImage+QRCodeGenerator.m"; sourceTree = "<group>"; };
		357A4B641B467B0E0095E887 /* ClothModelController.h */ = {isa = PBXFileReference; fileEncoding = 4; lastKnownFileType = sourcecode.c.h; path = ClothModelController.h; sourceTree = "<group>"; };
		357A4B651B467B0E0095E887 /* ClothModelController.m */ = {isa = PBXFileReference; fileEncoding = 4; lastKnownFileType = sourcecode.c.objc; path = ClothModelController.m; sourceTree = "<group>"; };
		357A4B751B4693530095E887 /* tshirt02_texture.png */ = {isa = PBXFileReference; lastKnownFileType = image.png; path = tshirt02_texture.png; sourceTree = "<group>"; };
		357A4B791B4695AD0095E887 /* tshirtButt.jpg */ = {isa = PBXFileReference; lastKnownFileType = image.jpeg; path = tshirtButt.jpg; sourceTree = "<group>"; };
		357A4B7C1B4695DC0095E887 /* aboutus copy.png */ = {isa = PBXFileReference; lastKnownFileType = image.png; path = "aboutus copy.png"; sourceTree = "<group>"; };
		357A4B7D1B4695DC0095E887 /* aboutus.png */ = {isa = PBXFileReference; lastKnownFileType = image.png; path = aboutus.png; sourceTree = "<group>"; };
		357A4B7E1B4695DC0095E887 /* arrowback 01-00-34-086.png */ = {isa = PBXFileReference; lastKnownFileType = image.png; path = "arrowback 01-00-34-086.png"; sourceTree = "<group>"; };
		357A4B7F1B4695DC0095E887 /* button.png */ = {isa = PBXFileReference; lastKnownFileType = image.png; path = button.png; sourceTree = "<group>"; };
		357A4B801B4695DC0095E887 /* clothesCaegories.png */ = {isa = PBXFileReference; lastKnownFileType = image.png; path = clothesCaegories.png; sourceTree = "<group>"; };
		357A4B811B4695DC0095E887 /* fittingClothes.jpg */ = {isa = PBXFileReference; lastKnownFileType = image.jpeg; path = fittingClothes.jpg; sourceTree = "<group>"; };
		357A4B821B4695DC0095E887 /* generateModel.png */ = {isa = PBXFileReference; lastKnownFileType = image.png; path = generateModel.png; sourceTree = "<group>"; };
		357A4B831B4695DC0095E887 /* ModelQRcode.png */ = {isa = PBXFileReference; lastKnownFileType = image.png; path = ModelQRcode.png; sourceTree = "<group>"; };
		357A4B841B4695DC0095E887 /* scanQRcode.png */ = {isa = PBXFileReference; lastKnownFileType = image.png; path = scanQRcode.png; sourceTree = "<group>"; };
		357A4B8E1B4696750095E887 /* LongshirtButt.jpg */ = {isa = PBXFileReference; lastKnownFileType = image.jpeg; path = LongshirtButt.jpg; sourceTree = "<group>"; };
		357A4B8F1B4696750095E887 /* Shortshirt_Texture_Button.jpg */ = {isa = PBXFileReference; lastKnownFileType = image.jpeg; path = Shortshirt_Texture_Button.jpg; sourceTree = "<group>"; };
		358CB6D81B4665AA009E9C83 /* MM1.dae */ = {isa = PBXFileReference; fileEncoding = 4; lastKnownFileType = text.xml.dae; path = MM1.dae; sourceTree = "<group>"; };
		358CB6D91B4665AA009E9C83 /* MM2.dae */ = {isa = PBXFileReference; fileEncoding = 4; lastKnownFileType = text.xml.dae; path = MM2.dae; sourceTree = "<group>"; };
		358CB6DA1B4665AA009E9C83 /* MM3.dae */ = {isa = PBXFileReference; fileEncoding = 4; lastKnownFileType = text.xml.dae; path = MM3.dae; sourceTree = "<group>"; };
		358CB6DB1B4665AA009E9C83 /* MM4.dae */ = {isa = PBXFileReference; fileEncoding = 4; lastKnownFileType = text.xml.dae; path = MM4.dae; sourceTree = "<group>"; };
		358CB6DC1B4665AA009E9C83 /* MM5.dae */ = {isa = PBXFileReference; fileEncoding = 4; lastKnownFileType = text.xml.dae; path = MM5.dae; sourceTree = "<group>"; };
		358CB6DD1B4665AA009E9C83 /* MXL1.dae */ = {isa = PBXFileReference; fileEncoding = 4; lastKnownFileType = text.xml.dae; path = MXL1.dae; sourceTree = "<group>"; };
		358CB6DE1B4665AA009E9C83 /* MXL2.dae */ = {isa = PBXFileReference; fileEncoding = 4; lastKnownFileType = text.xml.dae; path = MXL2.dae; sourceTree = "<group>"; };
		358CB6DF1B4665AA009E9C83 /* MXL3.dae */ = {isa = PBXFileReference; fileEncoding = 4; lastKnownFileType = text.xml.dae; path = MXL3.dae; sourceTree = "<group>"; };
		358CB6E01B4665AA009E9C83 /* MXL4.dae */ = {isa = PBXFileReference; fileEncoding = 4; lastKnownFileType = text.xml.dae; path = MXL4.dae; sourceTree = "<group>"; };
		358CB6E11B4665AA009E9C83 /* MXL5.dae */ = {isa = PBXFileReference; fileEncoding = 4; lastKnownFileType = text.xml.dae; path = MXL5.dae; sourceTree = "<group>"; };
		358CB6E21B4665AA009E9C83 /* MXS1.dae */ = {isa = PBXFileReference; fileEncoding = 4; lastKnownFileType = text.xml.dae; path = MXS1.dae; sourceTree = "<group>"; };
		358CB6E31B4665AA009E9C83 /* MXS2.dae */ = {isa = PBXFileReference; fileEncoding = 4; lastKnownFileType = text.xml.dae; path = MXS2.dae; sourceTree = "<group>"; };
		358CB6E41B4665AA009E9C83 /* MXS3.dae */ = {isa = PBXFileReference; fileEncoding = 4; lastKnownFileType = text.xml.dae; path = MXS3.dae; sourceTree = "<group>"; };
		358CB6E51B4665AA009E9C83 /* MXS4.dae */ = {isa = PBXFileReference; fileEncoding = 4; lastKnownFileType = text.xml.dae; path = MXS4.dae; sourceTree = "<group>"; };
		358CB6E61B4665AA009E9C83 /* MXS5.dae */ = {isa = PBXFileReference; fileEncoding = 4; lastKnownFileType = text.xml.dae; path = MXS5.dae; sourceTree = "<group>"; };
		358CB6E71B4665AA009E9C83 /* textures */ = {isa = PBXFileReference; lastKnownFileType = folder; path = textures; sourceTree = "<group>"; };
		3592A3161B5161A400E3C1BC /* SL_SMM.dae */ = {isa = PBXFileReference; fileEncoding = 4; lastKnownFileType = text.xml.dae; path = SL_SMM.dae; sourceTree = "<group>"; };
		3592A3171B5161A400E3C1BC /* SM_SMM.dae */ = {isa = PBXFileReference; fileEncoding = 4; lastKnownFileType = text.xml.dae; path = SM_SMM.dae; sourceTree = "<group>"; };
		3592A3181B5161A400E3C1BC /* SS_SMM.dae */ = {isa = PBXFileReference; fileEncoding = 4; lastKnownFileType = text.xml.dae; path = SS_SMM.dae; sourceTree = "<group>"; };
		3592A3191B5161A400E3C1BC /* SXL_SMM.dae */ = {isa = PBXFileReference; fileEncoding = 4; lastKnownFileType = text.xml.dae; path = SXL_SMM.dae; sourceTree = "<group>"; };
		3592A31A1B5161A400E3C1BC /* SXS_SMM.dae */ = {isa = PBXFileReference; fileEncoding = 4; lastKnownFileType = text.xml.dae; path = SXS_SMM.dae; sourceTree = "<group>"; };
		3592A3201B5161AE00E3C1BC /* SL_XLM.dae */ = {isa = PBXFileReference; fileEncoding = 4; lastKnownFileType = text.xml.dae; path = SL_XLM.dae; sourceTree = "<group>"; };
		3592A3211B5161AE00E3C1BC /* SM_XLM.dae */ = {isa = PBXFileReference; fileEncoding = 4; lastKnownFileType = text.xml.dae; path = SM_XLM.dae; sourceTree = "<group>"; };
		3592A3221B5161AE00E3C1BC /* SS_XLM.dae */ = {isa = PBXFileReference; fileEncoding = 4; lastKnownFileType = text.xml.dae; path = SS_XLM.dae; sourceTree = "<group>"; };
		3592A3231B5161AE00E3C1BC /* SXL_XLM.dae */ = {isa = PBXFileReference; fileEncoding = 4; lastKnownFileType = text.xml.dae; path = SXL_XLM.dae; sourceTree = "<group>"; };
		3592A3241B5161AE00E3C1BC /* SXS_XLM.dae */ = {isa = PBXFileReference; fileEncoding = 4; lastKnownFileType = text.xml.dae; path = SXS_XLM.dae; sourceTree = "<group>"; };
		3592A32A1B5161C300E3C1BC /* LL_SMM.dae */ = {isa = PBXFileReference; fileEncoding = 4; lastKnownFileType = text.xml.dae; path = LL_SMM.dae; sourceTree = "<group>"; };
		3592A32B1B5161C300E3C1BC /* LM_SMM.dae */ = {isa = PBXFileReference; fileEncoding = 4; lastKnownFileType = text.xml.dae; path = LM_SMM.dae; sourceTree = "<group>"; };
		3592A32C1B5161C300E3C1BC /* LS_SMM.dae */ = {isa = PBXFileReference; fileEncoding = 4; lastKnownFileType = text.xml.dae; path = LS_SMM.dae; sourceTree = "<group>"; };
		3592A32D1B5161C300E3C1BC /* LXL_SMM.dae */ = {isa = PBXFileReference; fileEncoding = 4; lastKnownFileType = text.xml.dae; path = LXL_SMM.dae; sourceTree = "<group>"; };
		3592A32E1B5161C300E3C1BC /* LXS_SMM.dae */ = {isa = PBXFileReference; fileEncoding = 4; lastKnownFileType = text.xml.dae; path = LXS_SMM.dae; sourceTree = "<group>"; };
		3592A3341B5161CB00E3C1BC /* LL_XLM.dae */ = {isa = PBXFileReference; fileEncoding = 4; lastKnownFileType = text.xml.dae; path = LL_XLM.dae; sourceTree = "<group>"; };
		3592A3351B5161CB00E3C1BC /* LM_XLM.dae */ = {isa = PBXFileReference; fileEncoding = 4; lastKnownFileType = text.xml.dae; path = LM_XLM.dae; sourceTree = "<group>"; };
		3592A3361B5161CB00E3C1BC /* LS_XLM.dae */ = {isa = PBXFileReference; fileEncoding = 4; lastKnownFileType = text.xml.dae; path = LS_XLM.dae; sourceTree = "<group>"; };
		3592A3371B5161CB00E3C1BC /* LXL_XLM.dae */ = {isa = PBXFileReference; fileEncoding = 4; lastKnownFileType = text.xml.dae; path = LXL_XLM.dae; sourceTree = "<group>"; };
		3592A3381B5161CB00E3C1BC /* LXS_XLM.dae */ = {isa = PBXFileReference; fileEncoding = 4; lastKnownFileType = text.xml.dae; path = LXS_XLM.dae; sourceTree = "<group>"; };
		3592A33E1B5161F100E3C1BC /* TL_SMM.dae */ = {isa = PBXFileReference; fileEncoding = 4; lastKnownFileType = text.xml.dae; path = TL_SMM.dae; sourceTree = "<group>"; };
		3592A33F1B5161F100E3C1BC /* TM_SMM.dae */ = {isa = PBXFileReference; fileEncoding = 4; lastKnownFileType = text.xml.dae; path = TM_SMM.dae; sourceTree = "<group>"; };
		3592A3401B5161F100E3C1BC /* TS_SMM.dae */ = {isa = PBXFileReference; fileEncoding = 4; lastKnownFileType = text.xml.dae; path = TS_SMM.dae; sourceTree = "<group>"; };
		3592A3411B5161F100E3C1BC /* TXL_SMM.dae */ = {isa = PBXFileReference; fileEncoding = 4; lastKnownFileType = text.xml.dae; path = TXL_SMM.dae; sourceTree = "<group>"; };
		3592A3421B5161F100E3C1BC /* TXS_SMM.dae */ = {isa = PBXFileReference; fileEncoding = 4; lastKnownFileType = text.xml.dae; path = TXS_SMM.dae; sourceTree = "<group>"; };
		3592A3481B5161F900E3C1BC /* TL_XLM.dae */ = {isa = PBXFileReference; fileEncoding = 4; lastKnownFileType = text.xml.dae; path = TL_XLM.dae; sourceTree = "<group>"; };
		3592A3491B5161F900E3C1BC /* TM_XLM.dae */ = {isa = PBXFileReference; fileEncoding = 4; lastKnownFileType = text.xml.dae; path = TM_XLM.dae; sourceTree = "<group>"; };
		3592A34A1B5161F900E3C1BC /* TS_XLM.dae */ = {isa = PBXFileReference; fileEncoding = 4; lastKnownFileType = text.xml.dae; path = TS_XLM.dae; sourceTree = "<group>"; };
		3592A34B1B5161F900E3C1BC /* TXL_XLM.dae */ = {isa = PBXFileReference; fileEncoding = 4; lastKnownFileType = text.xml.dae; path = TXL_XLM.dae; sourceTree = "<group>"; };
		3592A34C1B5161F900E3C1BC /* TXS_XLM.dae */ = {isa = PBXFileReference; fileEncoding = 4; lastKnownFileType = text.xml.dae; path = TXS_XLM.dae; sourceTree = "<group>"; };
		3592A3571B51626300E3C1BC /* tshirtfemale_texture.jpg */ = {isa = PBXFileReference; lastKnownFileType = image.jpeg; path = tshirtfemale_texture.jpg; sourceTree = "<group>"; };
		3592A3591B51626B00E3C1BC /* TL_SMF.dae */ = {isa = PBXFileReference; fileEncoding = 4; lastKnownFileType = text.xml.dae; path = TL_SMF.dae; sourceTree = "<group>"; };
		3592A35A1B51626B00E3C1BC /* TM_SMF.dae */ = {isa = PBXFileReference; fileEncoding = 4; lastKnownFileType = text.xml.dae; path = TM_SMF.dae; sourceTree = "<group>"; };
		3592A35B1B51626B00E3C1BC /* TS_SMF.dae */ = {isa = PBXFileReference; fileEncoding = 4; lastKnownFileType = text.xml.dae; path = TS_SMF.dae; sourceTree = "<group>"; };
		3592A35C1B51626B00E3C1BC /* TXL_SMF.dae */ = {isa = PBXFileReference; fileEncoding = 4; lastKnownFileType = text.xml.dae; path = TXL_SMF.dae; sourceTree = "<group>"; };
		3592A35D1B51626B00E3C1BC /* TXS_SMF.dae */ = {isa = PBXFileReference; fileEncoding = 4; lastKnownFileType = text.xml.dae; path = TXS_SMF.dae; sourceTree = "<group>"; };
		3592A3631B51627000E3C1BC /* TL_XLF.dae */ = {isa = PBXFileReference; fileEncoding = 4; lastKnownFileType = text.xml.dae; path = TL_XLF.dae; sourceTree = "<group>"; };
		3592A3641B51627000E3C1BC /* TM_XLF.dae */ = {isa = PBXFileReference; fileEncoding = 4; lastKnownFileType = text.xml.dae; path = TM_XLF.dae; sourceTree = "<group>"; };
		3592A3651B51627000E3C1BC /* TS_XLF.dae */ = {isa = PBXFileReference; fileEncoding = 4; lastKnownFileType = text.xml.dae; path = TS_XLF.dae; sourceTree = "<group>"; };
		3592A3661B51627000E3C1BC /* TXL_XLF.dae */ = {isa = PBXFileReference; fileEncoding = 4; lastKnownFileType = text.xml.dae; path = TXL_XLF.dae; sourceTree = "<group>"; };
		3592A3671B51627000E3C1BC /* TXS_XLF.dae */ = {isa = PBXFileReference; fileEncoding = 4; lastKnownFileType = text.xml.dae; path = TXS_XLF.dae; sourceTree = "<group>"; };
		3592A36D1B51627C00E3C1BC /* SL_SMF.dae */ = {isa = PBXFileReference; fileEncoding = 4; lastKnownFileType = text.xml.dae; path = SL_SMF.dae; sourceTree = "<group>"; };
		3592A36E1B51627C00E3C1BC /* SM_SMF.dae */ = {isa = PBXFileReference; fileEncoding = 4; lastKnownFileType = text.xml.dae; path = SM_SMF.dae; sourceTree = "<group>"; };
		3592A36F1B51627C00E3C1BC /* SS_SMF.dae */ = {isa = PBXFileReference; fileEncoding = 4; lastKnownFileType = text.xml.dae; path = SS_SMF.dae; sourceTree = "<group>"; };
		3592A3701B51627C00E3C1BC /* SXL_SMF.dae */ = {isa = PBXFileReference; fileEncoding = 4; lastKnownFileType = text.xml.dae; path = SXL_SMF.dae; sourceTree = "<group>"; };
		3592A3711B51627C00E3C1BC /* SXS_SMF.dae */ = {isa = PBXFileReference; fileEncoding = 4; lastKnownFileType = text.xml.dae; path = SXS_SMF.dae; sourceTree = "<group>"; };
		3592A3771B51628E00E3C1BC /* SL_XLF.dae */ = {isa = PBXFileReference; fileEncoding = 4; lastKnownFileType = text.xml.dae; path = SL_XLF.dae; sourceTree = "<group>"; };
		3592A3781B51628E00E3C1BC /* SM_XLF.dae */ = {isa = PBXFileReference; fileEncoding = 4; lastKnownFileType = text.xml.dae; path = SM_XLF.dae; sourceTree = "<group>"; };
		3592A3791B51628E00E3C1BC /* SS_XLF.dae */ = {isa = PBXFileReference; fileEncoding = 4; lastKnownFileType = text.xml.dae; path = SS_XLF.dae; sourceTree = "<group>"; };
		3592A37A1B51628E00E3C1BC /* SXL_XLF.dae */ = {isa = PBXFileReference; fileEncoding = 4; lastKnownFileType = text.xml.dae; path = SXL_XLF.dae; sourceTree = "<group>"; };
		3592A37B1B51628E00E3C1BC /* SXS_XLF.dae */ = {isa = PBXFileReference; fileEncoding = 4; lastKnownFileType = text.xml.dae; path = SXS_XLF.dae; sourceTree = "<group>"; };
		3592A3811B51629800E3C1BC /* LL_SMF.dae */ = {isa = PBXFileReference; fileEncoding = 4; lastKnownFileType = text.xml.dae; path = LL_SMF.dae; sourceTree = "<group>"; };
		3592A39F1B51A8AA00E3C1BC /* FM1.dae */ = {isa = PBXFileReference; fileEncoding = 4; lastKnownFileType = text.xml.dae; path = FM1.dae; sourceTree = "<group>"; };
		3592A3A01B51A8AB00E3C1BC /* FM2.dae */ = {isa = PBXFileReference; fileEncoding = 4; lastKnownFileType = text.xml.dae; path = FM2.dae; sourceTree = "<group>"; };
		3592A3A91B51AEBA00E3C1BC /* FM3.dae */ = {isa = PBXFileReference; fileEncoding = 4; lastKnownFileType = text.xml.dae; path = FM3.dae; sourceTree = "<group>"; };
		3592A3AA1B51AEBA00E3C1BC /* FM4.dae */ = {isa = PBXFileReference; fileEncoding = 4; lastKnownFileType = text.xml.dae; path = FM4.dae; sourceTree = "<group>"; };
		3592A3AF1B51B76B00E3C1BC /* FM5.dae */ = {isa = PBXFileReference; fileEncoding = 4; lastKnownFileType = text.xml.dae; path = FM5.dae; sourceTree = "<group>"; };
		3592A3B11B51BD7700E3C1BC /* FXL1.dae */ = {isa = PBXFileReference; fileEncoding = 4; lastKnownFileType = text.xml.dae; path = FXL1.dae; sourceTree = "<group>"; };
		3592A3B21B51BD7700E3C1BC /* FXL2.dae */ = {isa = PBXFileReference; fileEncoding = 4; lastKnownFileType = text.xml.dae; path = FXL2.dae; sourceTree = "<group>"; };
		3592A3B31B51BD7700E3C1BC /* FXL3.dae */ = {isa = PBXFileReference; fileEncoding = 4; lastKnownFileType = text.xml.dae; path = FXL3.dae; sourceTree = "<group>"; };
		3592A3B41B51BD7700E3C1BC /* FXL4.dae */ = {isa = PBXFileReference; fileEncoding = 4; lastKnownFileType = text.xml.dae; path = FXL4.dae; sourceTree = "<group>"; };
		3592A3B51B51BD7700E3C1BC /* FXL5.dae */ = {isa = PBXFileReference; fileEncoding = 4; lastKnownFileType = text.xml.dae; path = FXL5.dae; sourceTree = "<group>"; };
		3592A3B61B51BD7700E3C1BC /* FXS1.dae */ = {isa = PBXFileReference; fileEncoding = 4; lastKnownFileType = text.xml.dae; path = FXS1.dae; sourceTree = "<group>"; };
		3592A3B71B51BD7700E3C1BC /* FXS2.dae */ = {isa = PBXFileReference; fileEncoding = 4; lastKnownFileType = text.xml.dae; path = FXS2.dae; sourceTree = "<group>"; };
		3592A3B81B51BD7700E3C1BC /* FXS3.dae */ = {isa = PBXFileReference; fileEncoding = 4; lastKnownFileType = text.xml.dae; path = FXS3.dae; sourceTree = "<group>"; };
		3592A3B91B51BD7700E3C1BC /* FXS4.dae */ = {isa = PBXFileReference; fileEncoding = 4; lastKnownFileType = text.xml.dae; path = FXS4.dae; sourceTree = "<group>"; };
		3592A3BA1B51BD7700E3C1BC /* FXS5.dae */ = {isa = PBXFileReference; fileEncoding = 4; lastKnownFileType = text.xml.dae; path = FXS5.dae; sourceTree = "<group>"; };
		35ECF9B61B18666E00F3C69D /* FitToFast.app */ = {isa = PBXFileReference; explicitFileType = wrapper.application; includeInIndex = 0; path = FitToFast.app; sourceTree = BUILT_PRODUCTS_DIR; };
		35ECF9BA1B18666F00F3C69D /* Info.plist */ = {isa = PBXFileReference; lastKnownFileType = text.plist.xml; path = Info.plist; sourceTree = "<group>"; };
		35ECF9BB1B18666F00F3C69D /* main.m */ = {isa = PBXFileReference; lastKnownFileType = sourcecode.c.objc; path = main.m; sourceTree = "<group>"; };
		35ECF9BD1B18666F00F3C69D /* AppDelegate.h */ = {isa = PBXFileReference; lastKnownFileType = sourcecode.c.h; path = AppDelegate.h; sourceTree = "<group>"; };
		35ECF9BE1B18666F00F3C69D /* AppDelegate.m */ = {isa = PBXFileReference; lastKnownFileType = sourcecode.c.objc; path = AppDelegate.m; sourceTree = "<group>"; };
		35ECF9C01B18666F00F3C69D /* HumanModelController.h */ = {isa = PBXFileReference; lastKnownFileType = sourcecode.c.h; path = HumanModelController.h; sourceTree = "<group>"; };
		35ECF9C11B18666F00F3C69D /* HumanModelController.m */ = {isa = PBXFileReference; lastKnownFileType = sourcecode.c.objc; path = HumanModelController.m; sourceTree = "<group>"; };
		35ECF9C41B18666F00F3C69D /* Base */ = {isa = PBXFileReference; lastKnownFileType = file.storyboard; name = Base; path = Base.lproj/Main.storyboard; sourceTree = "<group>"; };
		35ECF9C61B18666F00F3C69D /* Images.xcassets */ = {isa = PBXFileReference; lastKnownFileType = folder.assetcatalog; path = Images.xcassets; sourceTree = "<group>"; };
		35ECF9C91B18666F00F3C69D /* Base */ = {isa = PBXFileReference; lastKnownFileType = file.xib; name = Base; path = Base.lproj/LaunchScreen.xib; sourceTree = "<group>"; };
		35ECF9CF1B18666F00F3C69D /* FitToFastTests.xctest */ = {isa = PBXFileReference; explicitFileType = wrapper.cfbundle; includeInIndex = 0; path = FitToFastTests.xctest; sourceTree = BUILT_PRODUCTS_DIR; };
		35ECF9D41B18666F00F3C69D /* Info.plist */ = {isa = PBXFileReference; lastKnownFileType = text.plist.xml; path = Info.plist; sourceTree = "<group>"; };
		35ECF9D51B18666F00F3C69D /* FitToFastTests.m */ = {isa = PBXFileReference; lastKnownFileType = sourcecode.c.objc; path = FitToFastTests.m; sourceTree = "<group>"; };
/* End PBXFileReference section */

/* Begin PBXFrameworksBuildPhase section */
		35ECF9B31B18666E00F3C69D /* Frameworks */ = {
			isa = PBXFrameworksBuildPhase;
			buildActionMask = 2147483647;
			files = (
			);
			runOnlyForDeploymentPostprocessing = 0;
		};
		35ECF9CC1B18666F00F3C69D /* Frameworks */ = {
			isa = PBXFrameworksBuildPhase;
			buildActionMask = 2147483647;
			files = (
				1A6FD6691B86E3AD008B605F /* Foundation.framework in Frameworks */,
				1A6FD6671B86E3A1008B605F /* UIKit.framework in Frameworks */,
				1A6FD6651B86E398008B605F /* CoreGraphics.framework in Frameworks */,
			);
			runOnlyForDeploymentPostprocessing = 0;
		};
/* End PBXFrameworksBuildPhase section */

/* Begin PBXGroup section */
		1A07580F1BFA1CB0004C5BFD /* 17/11/15 */ = {
			isa = PBXGroup;
			children = (
			);
			name = 17/11/15;
			sourceTree = "<group>";
		};
		1A6FD6601B86C84E008B605F /* progress1 */ = {
			isa = PBXGroup;
			children = (
				354F8CE01B4F9F8B00EC88BD /* ModelGenderController.h */,
				354F8CE11B4F9F8B00EC88BD /* ModelGenderController.m */,
				35ECF9C01B18666F00F3C69D /* HumanModelController.h */,
				35ECF9C11B18666F00F3C69D /* HumanModelController.m */,
				357A4B571B466F0C0095E887 /* GenerateQrCodeController.h */,
				357A4B581B466F0C0095E887 /* GenerateQrCodeController.m */,
				357A4B641B467B0E0095E887 /* ClothModelController.h */,
				357A4B651B467B0E0095E887 /* ClothModelController.m */,
			);
			name = progress1;
			sourceTree = "<group>";
		};
		1A6FD66A1B86E3BF008B605F /* Framework */ = {
			isa = PBXGroup;
			children = (
				1A8B37421B9EEAD00047F2BB /* CoreLocation.framework */,
				1A8B37401B9EE9640047F2BB /* CoreData.framework */,
				1A6FD6681B86E3AD008B605F /* Foundation.framework */,
				1A6FD6661B86E3A1008B605F /* UIKit.framework */,
				1A6FD6641B86E398008B605F /* CoreGraphics.framework */,
			);
			name = Framework;
			path = FitToFast;
			sourceTree = "<group>";
		};
		1A734C021B6689360054BF7C /* progress2 */ = {
			isa = PBXGroup;
			children = (
				1A0758101BFA2316004C5BFD /* ViewListProduct.h */,
				1A0758111BFA2316004C5BFD /* ViewListProduct.m */,
				1A0758131BFA2327004C5BFD /* ProductController.h */,
				1A0758141BFA2327004C5BFD /* ProductController.m */,
				1A8BED8E1B8868CA001E2301 /* LoginController.h */,
				1A8BED8F1B8868CA001E2301 /* LoginController.m */,
				1A6FD6611B86E01E008B605F /* ReadQRCodeController.h */,
				1A6FD6621B86E01E008B605F /* ReadQRCodeController.m */,
				1A8114EE1B88C9D400BB44F8 /* RegistrationController.h */,
				1A8114EF1B88C9D400BB44F8 /* RegistrationController.m */,
				1A4F35A81B919D87002CE0C3 /* GenerateProductQrCodeController.h */,
				1A4F35A91B919D87002CE0C3 /* GenerateProductQrCodeController.m */,
			);
			name = progress2;
			sourceTree = "<group>";
		};
		353561DE1B470A4800B83FEF /* BG */ = {
			isa = PBXGroup;
			children = (
				1A7099BD1BFB4A1400659214 /* logo.png */,
				1A7099BB1BFB49FF00659214 /* main.jpg */,
				1A8114EC1B88C66600BB44F8 /* loginscene copy.jpg */,
				353561DF1B470A6F00B83FEF /* aboutUs.jpg */,
				1A7099B91BFB494D00659214 /* selectGender.jpg */,
				353561E01B470A6F00B83FEF /* bg.jpg */,
				353561E11B470A6F00B83FEF /* Genmodel.jpg */,
			);
			name = BG;
			sourceTree = "<group>";
		};
		355BCE4D1B496DB7009591E9 /* dress-shirt */ = {
			isa = PBXGroup;
			children = (
				3592A32A1B5161C300E3C1BC /* LL_SMM.dae */,
				3592A32B1B5161C300E3C1BC /* LM_SMM.dae */,
				3592A32C1B5161C300E3C1BC /* LS_SMM.dae */,
				3592A32D1B5161C300E3C1BC /* LXL_SMM.dae */,
				3592A32E1B5161C300E3C1BC /* LXS_SMM.dae */,
				3592A3341B5161CB00E3C1BC /* LL_XLM.dae */,
				3592A3351B5161CB00E3C1BC /* LM_XLM.dae */,
				3592A3361B5161CB00E3C1BC /* LS_XLM.dae */,
				3592A3371B5161CB00E3C1BC /* LXL_XLM.dae */,
				3592A3381B5161CB00E3C1BC /* LXS_XLM.dae */,
				355BCE4E1B496DC5009591E9 /* texture dress-shirt */,
			);
			name = "dress-shirt";
			sourceTree = "<group>";
		};
		355BCE4E1B496DC5009591E9 /* texture dress-shirt */ = {
			isa = PBXGroup;
			children = (
				355BCE711B496ECD009591E9 /* longshirt_texture.png */,
			);
			name = "texture dress-shirt";
			sourceTree = "<group>";
		};
		355BCE591B496E63009591E9 /* short-shirt */ = {
			isa = PBXGroup;
			children = (
				3592A3161B5161A400E3C1BC /* SL_SMM.dae */,
				3592A3171B5161A400E3C1BC /* SM_SMM.dae */,
				3592A3181B5161A400E3C1BC /* SS_SMM.dae */,
				3592A3191B5161A400E3C1BC /* SXL_SMM.dae */,
				3592A31A1B5161A400E3C1BC /* SXS_SMM.dae */,
				3592A3201B5161AE00E3C1BC /* SL_XLM.dae */,
				3592A3211B5161AE00E3C1BC /* SM_XLM.dae */,
				3592A3221B5161AE00E3C1BC /* SS_XLM.dae */,
				3592A3231B5161AE00E3C1BC /* SXL_XLM.dae */,
				3592A3241B5161AE00E3C1BC /* SXS_XLM.dae */,
				355BCE5A1B496E70009591E9 /* texture short-shirt */,
			);
			name = "short-shirt";
			sourceTree = "<group>";
		};
		355BCE5A1B496E70009591E9 /* texture short-shirt */ = {
			isa = PBXGroup;
			children = (
				355BCE6F1B496EAE009591E9 /* shortshirt_texture.png */,
			);
			name = "texture short-shirt";
			sourceTree = "<group>";
		};
		357A4B391B466EE70095E887 /* qrencode */ = {
			isa = PBXGroup;
			children = (
				357A4B5A1B466F200095E887 /* UIImage+QRCodeGenerator.h */,
				357A4B5B1B466F200095E887 /* UIImage+QRCodeGenerator.m */,
				357A4B3A1B466F000095E887 /* config.h */,
				357A4B3B1B466F000095E887 /* bitstream.c */,
				357A4B3C1B466F000095E887 /* bitstream.h */,
				357A4B3D1B466F000095E887 /* mask.c */,
				357A4B3E1B466F000095E887 /* mask.h */,
				357A4B3F1B466F000095E887 /* mmask.c */,
				357A4B401B466F000095E887 /* mmask.h */,
				357A4B411B466F000095E887 /* mqrspec.c */,
				357A4B421B466F000095E887 /* mqrspec.h */,
				357A4B431B466F000095E887 /* qrencode.c */,
				357A4B441B466F000095E887 /* qrencode.h */,
				357A4B451B466F000095E887 /* qrencode_inner.h */,
				357A4B461B466F000095E887 /* qrinput.c */,
				357A4B471B466F000095E887 /* qrinput.h */,
				357A4B481B466F000095E887 /* qrspec.c */,
				357A4B491B466F000095E887 /* qrspec.h */,
				357A4B4A1B466F000095E887 /* rscode.c */,
				357A4B4B1B466F000095E887 /* rscode.h */,
				357A4B4C1B466F000095E887 /* split.c */,
				357A4B4D1B466F000095E887 /* split.h */,
			);
			name = qrencode;
			sourceTree = "<group>";
		};
		357A4B671B4692160095E887 /* Clothes */ = {
			isa = PBXGroup;
			children = (
				3592A3521B51621800E3C1BC /* femaleClothes */,
				357A4B681B4692200095E887 /* maleClothes */,
			);
			name = Clothes;
			sourceTree = "<group>";
		};
		357A4B681B4692200095E887 /* maleClothes */ = {
			isa = PBXGroup;
			children = (
				355BCE591B496E63009591E9 /* short-shirt */,
				355BCE4D1B496DB7009591E9 /* dress-shirt */,
				357A4B691B4692280095E887 /* t-shirt */,
			);
			name = maleClothes;
			sourceTree = "<group>";
		};
		357A4B691B4692280095E887 /* t-shirt */ = {
			isa = PBXGroup;
			children = (
				3592A33E1B5161F100E3C1BC /* TL_SMM.dae */,
				3592A33F1B5161F100E3C1BC /* TM_SMM.dae */,
				3592A3401B5161F100E3C1BC /* TS_SMM.dae */,
				3592A3411B5161F100E3C1BC /* TXL_SMM.dae */,
				3592A3421B5161F100E3C1BC /* TXS_SMM.dae */,
				3592A3481B5161F900E3C1BC /* TL_XLM.dae */,
				3592A3491B5161F900E3C1BC /* TM_XLM.dae */,
				3592A34A1B5161F900E3C1BC /* TS_XLM.dae */,
				3592A34B1B5161F900E3C1BC /* TXL_XLM.dae */,
				3592A34C1B5161F900E3C1BC /* TXS_XLM.dae */,
				357A4B741B4692710095E887 /* texture t-shirt */,
			);
			name = "t-shirt";
			sourceTree = "<group>";
		};
		357A4B741B4692710095E887 /* texture t-shirt */ = {
			isa = PBXGroup;
			children = (
				357A4B751B4693530095E887 /* tshirt02_texture.png */,
			);
			name = "texture t-shirt";
			sourceTree = "<group>";
		};
		357A4B771B46956B0095E887 /* UI */ = {
			isa = PBXGroup;
			children = (
				1A7099B71BFB21C200659214 /* images.jpeg */,
				353561DE1B470A4800B83FEF /* BG */,
				357A4B7B1B4695CD0095E887 /* Button */,
				357A4B781B4695750095E887 /* Clothes-Button */,
			);
			name = UI;
			sourceTree = "<group>";
		};
		357A4B781B4695750095E887 /* Clothes-Button */ = {
			isa = PBXGroup;
			children = (
				357A4B8E1B4696750095E887 /* LongshirtButt.jpg */,
				357A4B8F1B4696750095E887 /* Shortshirt_Texture_Button.jpg */,
				357A4B791B4695AD0095E887 /* tshirtButt.jpg */,
			);
			name = "Clothes-Button";
			sourceTree = "<group>";
		};
		357A4B7B1B4695CD0095E887 /* Button */ = {
			isa = PBXGroup;
			children = (
				1A7FC3811BEB0D6A007CFE41 /* iconModel.png */,
				1A7FC3881BEB0E2E007CFE41 /* clothicon.png */,
				1A7FC3821BEB0D6A007CFE41 /* QR.png */,
				1A7FC3781BEB09D6007CFE41 /* buttonBar.png */,
				1A6804071B92E20800D028C5 /* logout.png */,
				355BCE7D1B49A25E009591E9 /* home.png */,
				357A4B7C1B4695DC0095E887 /* aboutus copy.png */,
				353561ED1B471F5200B83FEF /* female.png */,
				353561EE1B471F5200B83FEF /* male.png */,
				357A4B7D1B4695DC0095E887 /* aboutus.png */,
				357A4B7E1B4695DC0095E887 /* arrowback 01-00-34-086.png */,
				357A4B7F1B4695DC0095E887 /* button.png */,
				357A4B801B4695DC0095E887 /* clothesCaegories.png */,
				357A4B811B4695DC0095E887 /* fittingClothes.jpg */,
				357A4B821B4695DC0095E887 /* generateModel.png */,
				357A4B831B4695DC0095E887 /* ModelQRcode.png */,
				357A4B841B4695DC0095E887 /* scanQRcode.png */,
			);
			name = Button;
			sourceTree = "<group>";
		};
		358CB6F81B4665B5009E9C83 /* MaleModel */ = {
			isa = PBXGroup;
			children = (
				358CB6E71B4665AA009E9C83 /* textures */,
				358CB6D81B4665AA009E9C83 /* MM1.dae */,
				358CB6D91B4665AA009E9C83 /* MM2.dae */,
				358CB6DA1B4665AA009E9C83 /* MM3.dae */,
				358CB6DB1B4665AA009E9C83 /* MM4.dae */,
				358CB6DC1B4665AA009E9C83 /* MM5.dae */,
				358CB6DD1B4665AA009E9C83 /* MXL1.dae */,
				358CB6DE1B4665AA009E9C83 /* MXL2.dae */,
				358CB6DF1B4665AA009E9C83 /* MXL3.dae */,
				358CB6E01B4665AA009E9C83 /* MXL4.dae */,
				358CB6E11B4665AA009E9C83 /* MXL5.dae */,
				358CB6E21B4665AA009E9C83 /* MXS1.dae */,
				358CB6E31B4665AA009E9C83 /* MXS2.dae */,
				358CB6E41B4665AA009E9C83 /* MXS3.dae */,
				358CB6E51B4665AA009E9C83 /* MXS4.dae */,
				358CB6E61B4665AA009E9C83 /* MXS5.dae */,
			);
			name = MaleModel;
			sourceTree = "<group>";
		};
		358CB6F91B4665BF009E9C83 /* FemaleModel */ = {
			isa = PBXGroup;
			children = (
				3592A39F1B51A8AA00E3C1BC /* FM1.dae */,
				3592A3A01B51A8AB00E3C1BC /* FM2.dae */,
				3592A3A91B51AEBA00E3C1BC /* FM3.dae */,
				3592A3AA1B51AEBA00E3C1BC /* FM4.dae */,
				3592A3AF1B51B76B00E3C1BC /* FM5.dae */,
				3592A3B11B51BD7700E3C1BC /* FXL1.dae */,
				3592A3B21B51BD7700E3C1BC /* FXL2.dae */,
				3592A3B31B51BD7700E3C1BC /* FXL3.dae */,
				3592A3B41B51BD7700E3C1BC /* FXL4.dae */,
				3592A3B51B51BD7700E3C1BC /* FXL5.dae */,
				3592A3B61B51BD7700E3C1BC /* FXS1.dae */,
				3592A3B71B51BD7700E3C1BC /* FXS2.dae */,
				3592A3B81B51BD7700E3C1BC /* FXS3.dae */,
				3592A3B91B51BD7700E3C1BC /* FXS4.dae */,
				3592A3BA1B51BD7700E3C1BC /* FXS5.dae */,
			);
			name = FemaleModel;
			sourceTree = "<group>";
		};
		3592A3521B51621800E3C1BC /* femaleClothes */ = {
			isa = PBXGroup;
			children = (
				3592A3551B51623500E3C1BC /* t-shirt */,
				3592A3541B51622C00E3C1BC /* dress-shirt */,
				3592A3531B51622100E3C1BC /* short-shirt */,
			);
			name = femaleClothes;
			sourceTree = "<group>";
		};
		3592A3531B51622100E3C1BC /* short-shirt */ = {
			isa = PBXGroup;
			children = (
				3592A36D1B51627C00E3C1BC /* SL_SMF.dae */,
				3592A36E1B51627C00E3C1BC /* SM_SMF.dae */,
				3592A36F1B51627C00E3C1BC /* SS_SMF.dae */,
				3592A3701B51627C00E3C1BC /* SXL_SMF.dae */,
				3592A3711B51627C00E3C1BC /* SXS_SMF.dae */,
				3592A3771B51628E00E3C1BC /* SL_XLF.dae */,
				3592A3781B51628E00E3C1BC /* SM_XLF.dae */,
				3592A3791B51628E00E3C1BC /* SS_XLF.dae */,
				3592A37A1B51628E00E3C1BC /* SXL_XLF.dae */,
				3592A37B1B51628E00E3C1BC /* SXS_XLF.dae */,
			);
			name = "short-shirt";
			sourceTree = "<group>";
		};
		3592A3541B51622C00E3C1BC /* dress-shirt */ = {
			isa = PBXGroup;
			children = (
				1A1D8E681B624A33009DAACB /* LM_SMF.dae */,
				1A1D8E691B624A33009DAACB /* LS_SMF.dae */,
				1A1D8E6A1B624A33009DAACB /* LXL_SMF.dae */,
				1A1D8E6B1B624A33009DAACB /* LXS_SMF.dae */,
				3592A3811B51629800E3C1BC /* LL_SMF.dae */,
				1A1D8E701B624A89009DAACB /* LL_XLF.dae */,
				1A1D8E711B624A89009DAACB /* LM_XLF.dae */,
				1A1D8E721B624A89009DAACB /* LS_XLF.dae */,
				1A1D8E731B624A89009DAACB /* LXL_XLF.dae */,
				1A1D8E741B624A89009DAACB /* LXS_XLF.dae */,
			);
			name = "dress-shirt";
			sourceTree = "<group>";
		};
		3592A3551B51623500E3C1BC /* t-shirt */ = {
			isa = PBXGroup;
			children = (
				3592A3591B51626B00E3C1BC /* TL_SMF.dae */,
				3592A35A1B51626B00E3C1BC /* TM_SMF.dae */,
				3592A35B1B51626B00E3C1BC /* TS_SMF.dae */,
				3592A35C1B51626B00E3C1BC /* TXL_SMF.dae */,
				3592A35D1B51626B00E3C1BC /* TXS_SMF.dae */,
				3592A3631B51627000E3C1BC /* TL_XLF.dae */,
				3592A3641B51627000E3C1BC /* TM_XLF.dae */,
				3592A3651B51627000E3C1BC /* TS_XLF.dae */,
				3592A3661B51627000E3C1BC /* TXL_XLF.dae */,
				3592A3671B51627000E3C1BC /* TXS_XLF.dae */,
				3592A3561B51624900E3C1BC /* texture t-shirt */,
			);
			name = "t-shirt";
			sourceTree = "<group>";
		};
		3592A3561B51624900E3C1BC /* texture t-shirt */ = {
			isa = PBXGroup;
			children = (
				3592A3571B51626300E3C1BC /* tshirtfemale_texture.jpg */,
			);
			name = "texture t-shirt";
			sourceTree = "<group>";
		};
		35ECF9AD1B18666E00F3C69D = {
			isa = PBXGroup;
			children = (
				35ECF9B81B18666F00F3C69D /* FitToFast */,
				1A6FD66A1B86E3BF008B605F /* Framework */,
				35ECF9D21B18666F00F3C69D /* FitToFastTests */,
				35ECF9B71B18666E00F3C69D /* Products */,
			);
			sourceTree = "<group>";
		};
		35ECF9B71B18666E00F3C69D /* Products */ = {
			isa = PBXGroup;
			children = (
				35ECF9B61B18666E00F3C69D /* FitToFast.app */,
				35ECF9CF1B18666F00F3C69D /* FitToFastTests.xctest */,
			);
			name = Products;
			sourceTree = "<group>";
		};
		35ECF9B81B18666F00F3C69D /* FitToFast */ = {
			isa = PBXGroup;
			children = (
				1A07580F1BFA1CB0004C5BFD /* 17/11/15 */,
				357A4B771B46956B0095E887 /* UI */,
				357A4B671B4692160095E887 /* Clothes */,
				357A4B391B466EE70095E887 /* qrencode */,
				358CB6F91B4665BF009E9C83 /* FemaleModel */,
				358CB6F81B4665B5009E9C83 /* MaleModel */,
				35ECF9BD1B18666F00F3C69D /* AppDelegate.h */,
				35ECF9BE1B18666F00F3C69D /* AppDelegate.m */,
				35ECF9C31B18666F00F3C69D /* Main.storyboard */,
				35ECF9C61B18666F00F3C69D /* Images.xcassets */,
				35ECF9C81B18666F00F3C69D /* LaunchScreen.xib */,
				1A6FD6601B86C84E008B605F /* progress1 */,
				1A734C021B6689360054BF7C /* progress2 */,
				35ECF9B91B18666F00F3C69D /* Supporting Files */,
			);
			path = FitToFast;
			sourceTree = "<group>";
		};
		35ECF9B91B18666F00F3C69D /* Supporting Files */ = {
			isa = PBXGroup;
			children = (
				1AD97A261B5AA27500CCD582 /* ViewController.h */,
				1AD97A271B5AA27500CCD582 /* ViewController.m */,
				1A5631D81B999D1D00CA348A /* HumanController.h */,
				1A5631D91B999D1D00CA348A /* HumanController.m */,
				1A41EF291BB6A864000A9A2A /* QrProductController.h */,
				1A41EF2A1BB6A864000A9A2A /* QrProductController.m */,
				35ECF9BA1B18666F00F3C69D /* Info.plist */,
				35ECF9BB1B18666F00F3C69D /* main.m */,
			);
			name = "Supporting Files";
			sourceTree = "<group>";
		};
		35ECF9D21B18666F00F3C69D /* FitToFastTests */ = {
			isa = PBXGroup;
			children = (
				35ECF9D51B18666F00F3C69D /* FitToFastTests.m */,
				1A734C031B66A9760054BF7C /* ModelGenderControllerTest.m */,
				35ECF9D31B18666F00F3C69D /* Supporting Files */,
			);
			path = FitToFastTests;
			sourceTree = "<group>";
		};
		35ECF9D31B18666F00F3C69D /* Supporting Files */ = {
			isa = PBXGroup;
			children = (
				35ECF9D41B18666F00F3C69D /* Info.plist */,
			);
			name = "Supporting Files";
			sourceTree = "<group>";
		};
/* End PBXGroup section */

/* Begin PBXNativeTarget section */
		35ECF9B51B18666E00F3C69D /* FitToFast */ = {
			isa = PBXNativeTarget;
			buildConfigurationList = 35ECF9D91B18666F00F3C69D /* Build configuration list for PBXNativeTarget "FitToFast" */;
			buildPhases = (
				35ECF9B21B18666E00F3C69D /* Sources */,
				35ECF9B31B18666E00F3C69D /* Frameworks */,
				35ECF9B41B18666E00F3C69D /* Resources */,
			);
			buildRules = (
			);
			dependencies = (
			);
			name = FitToFast;
			productName = FitToFast;
			productReference = 35ECF9B61B18666E00F3C69D /* FitToFast.app */;
			productType = "com.apple.product-type.application";
		};
		35ECF9CE1B18666F00F3C69D /* FitToFastTests */ = {
			isa = PBXNativeTarget;
			buildConfigurationList = 35ECF9DC1B18666F00F3C69D /* Build configuration list for PBXNativeTarget "FitToFastTests" */;
			buildPhases = (
				35ECF9CB1B18666F00F3C69D /* Sources */,
				35ECF9CC1B18666F00F3C69D /* Frameworks */,
				35ECF9CD1B18666F00F3C69D /* Resources */,
			);
			buildRules = (
			);
			dependencies = (
				35ECF9D11B18666F00F3C69D /* PBXTargetDependency */,
			);
			name = FitToFastTests;
			productName = FitToFastTests;
			productReference = 35ECF9CF1B18666F00F3C69D /* FitToFastTests.xctest */;
			productType = "com.apple.product-type.bundle.unit-test";
		};
/* End PBXNativeTarget section */

/* Begin PBXProject section */
		35ECF9AE1B18666E00F3C69D /* Project object */ = {
			isa = PBXProject;
			attributes = {
				LastUpgradeCheck = 0630;
				ORGANIZATIONNAME = "Pimpaporn Chaichompoo";
				TargetAttributes = {
					35ECF9B51B18666E00F3C69D = {
						CreatedOnToolsVersion = 6.3.2;
						DevelopmentTeam = X55J8X66AQ;
					};
					35ECF9CE1B18666F00F3C69D = {
						CreatedOnToolsVersion = 6.3.2;
						TestTargetID = 35ECF9B51B18666E00F3C69D;
					};
				};
			};
			buildConfigurationList = 35ECF9B11B18666E00F3C69D /* Build configuration list for PBXProject "FitToFast" */;
			compatibilityVersion = "Xcode 3.2";
			developmentRegion = English;
			hasScannedForEncodings = 0;
			knownRegions = (
				en,
				Base,
			);
			mainGroup = 35ECF9AD1B18666E00F3C69D;
			productRefGroup = 35ECF9B71B18666E00F3C69D /* Products */;
			projectDirPath = "";
			projectRoot = "";
			targets = (
				35ECF9B51B18666E00F3C69D /* FitToFast */,
				35ECF9CE1B18666F00F3C69D /* FitToFastTests */,
			);
		};
/* End PBXProject section */

/* Begin PBXResourcesBuildPhase section */
		35ECF9B41B18666E00F3C69D /* Resources */ = {
			isa = PBXResourcesBuildPhase;
			buildActionMask = 2147483647;
			files = (
				358CB6EA1B4665AA009E9C83 /* MM3.dae in Resources */,
				3592A3691B51627000E3C1BC /* TM_XLF.dae in Resources */,
				3592A3761B51627C00E3C1BC /* SXS_SMF.dae in Resources */,
				3592A31F1B5161A400E3C1BC /* SXS_SMM.dae in Resources */,
				1A7FC3851BEB0D6A007CFE41 /* QR.png in Resources */,
				358CB6F61B4665AA009E9C83 /* MXS5.dae in Resources */,
				3592A3611B51626B00E3C1BC /* TXL_SMF.dae in Resources */,
				358CB6F01B4665AA009E9C83 /* MXL4.dae in Resources */,
				357A4B911B4696750095E887 /* Shortshirt_Texture_Button.jpg in Resources */,
				3592A3BD1B51BD7700E3C1BC /* FXL3.dae in Resources */,
				1A1D8E751B624A89009DAACB /* LL_XLF.dae in Resources */,
				3592A3511B5161F900E3C1BC /* TXS_XLM.dae in Resources */,
				353561E61B470A6F00B83FEF /* Genmodel.jpg in Resources */,
				1A8114ED1B88C66600BB44F8 /* loginscene copy.jpg in Resources */,
				3592A3271B5161AE00E3C1BC /* SS_XLM.dae in Resources */,
				3592A3BE1B51BD7700E3C1BC /* FXL4.dae in Resources */,
				3592A3BF1B51BD7700E3C1BC /* FXL5.dae in Resources */,
				358CB6ED1B4665AA009E9C83 /* MXL1.dae in Resources */,
				1A1D8E781B624A89009DAACB /* LXL_XLF.dae in Resources */,
				3592A3281B5161AE00E3C1BC /* SXL_XLM.dae in Resources */,
				358CB6E91B4665AA009E9C83 /* MM2.dae in Resources */,
				355BCE7E1B49A25E009591E9 /* home.png in Resources */,
				1A1D8E6C1B624A33009DAACB /* LM_SMF.dae in Resources */,
				3592A37C1B51628E00E3C1BC /* SL_XLF.dae in Resources */,
				3592A3291B5161AE00E3C1BC /* SXS_XLM.dae in Resources */,
				3592A3BC1B51BD7700E3C1BC /* FXL2.dae in Resources */,
				3592A3AD1B51AEBA00E3C1BC /* FM4.dae in Resources */,
				3592A36A1B51627000E3C1BC /* TS_XLF.dae in Resources */,
				1A1D8E791B624A89009DAACB /* LXS_XLF.dae in Resources */,
				3592A3C41B51BD7700E3C1BC /* FXS5.dae in Resources */,
				3592A3BB1B51BD7700E3C1BC /* FXL1.dae in Resources */,
				1A7099BC1BFB49FF00659214 /* main.jpg in Resources */,
				1A7FC3791BEB09D6007CFE41 /* buttonBar.png in Resources */,
				3592A3C01B51BD7700E3C1BC /* FXS1.dae in Resources */,
				3592A3261B5161AE00E3C1BC /* SM_XLM.dae in Resources */,
				358CB6F71B4665AA009E9C83 /* textures in Resources */,
				35ECF9C51B18666F00F3C69D /* Main.storyboard in Resources */,
				1A7099BA1BFB494D00659214 /* selectGender.jpg in Resources */,
				3592A3A41B51A8AB00E3C1BC /* FM1.dae in Resources */,
				1A1D8E6D1B624A33009DAACB /* LS_SMF.dae in Resources */,
				3592A3B01B51B76B00E3C1BC /* FM5.dae in Resources */,
				357A4B8B1B4695DC0095E887 /* generateModel.png in Resources */,
				357A4B881B4695DC0095E887 /* button.png in Resources */,
				1A1D8E771B624A89009DAACB /* LS_XLF.dae in Resources */,
				357A4B8A1B4695DC0095E887 /* fittingClothes.jpg in Resources */,
				358CB6EB1B4665AA009E9C83 /* MM4.dae in Resources */,
				1A7FC3841BEB0D6A007CFE41 /* iconModel.png in Resources */,
				3592A3721B51627C00E3C1BC /* SL_SMF.dae in Resources */,
				3592A3C21B51BD7700E3C1BC /* FXS3.dae in Resources */,
				353561EF1B471F5200B83FEF /* female.png in Resources */,
				3592A3751B51627C00E3C1BC /* SXL_SMF.dae in Resources */,
				3592A33C1B5161CB00E3C1BC /* LXL_XLM.dae in Resources */,
				1A6804081B92E20800D028C5 /* logout.png in Resources */,
				3592A3861B51629800E3C1BC /* LL_SMF.dae in Resources */,
				3592A3681B51627000E3C1BC /* TL_XLF.dae in Resources */,
				3592A3731B51627C00E3C1BC /* SM_SMF.dae in Resources */,
				3592A37E1B51628E00E3C1BC /* SS_XLF.dae in Resources */,
				358CB6EE1B4665AA009E9C83 /* MXL2.dae in Resources */,
				357A4B901B4696750095E887 /* LongshirtButt.jpg in Resources */,
				3592A3301B5161C300E3C1BC /* LM_SMM.dae in Resources */,
				1A1D8E6E1B624A33009DAACB /* LXL_SMF.dae in Resources */,
				357A4B871B4695DC0095E887 /* arrowback 01-00-34-086.png in Resources */,
				3592A32F1B5161C300E3C1BC /* LL_SMM.dae in Resources */,
				3592A3431B5161F100E3C1BC /* TL_SMM.dae in Resources */,
				358CB6EF1B4665AA009E9C83 /* MXL3.dae in Resources */,
				3592A33D1B5161CB00E3C1BC /* LXS_XLM.dae in Resources */,
				3592A3741B51627C00E3C1BC /* SS_SMF.dae in Resources */,
				35ECF9CA1B18666F00F3C69D /* LaunchScreen.xib in Resources */,
				3592A37D1B51628E00E3C1BC /* SM_XLF.dae in Resources */,
				3592A35F1B51626B00E3C1BC /* TM_SMF.dae in Resources */,
				3592A3461B5161F100E3C1BC /* TXL_SMM.dae in Resources */,
				357A4B7A1B4695AD0095E887 /* tshirtButt.jpg in Resources */,
				353561E51B470A6F00B83FEF /* bg.jpg in Resources */,
				3592A3C11B51BD7700E3C1BC /* FXS2.dae in Resources */,
				1A7099BE1BFB4A1400659214 /* logo.png in Resources */,
				358CB6F21B4665AA009E9C83 /* MXS1.dae in Resources */,
				357A4B761B4693530095E887 /* tshirt02_texture.png in Resources */,
				3592A3471B5161F100E3C1BC /* TXS_SMM.dae in Resources */,
				1A7FC3891BEB0E2E007CFE41 /* clothicon.png in Resources */,
				1A7099B81BFB21C200659214 /* images.jpeg in Resources */,
				3592A33A1B5161CB00E3C1BC /* LM_XLM.dae in Resources */,
				3592A3601B51626B00E3C1BC /* TS_SMF.dae in Resources */,
				3592A3311B5161C300E3C1BC /* LS_SMM.dae in Resources */,
				355BCE721B496ECD009591E9 /* longshirt_texture.png in Resources */,
				358CB6F31B4665AA009E9C83 /* MXS2.dae in Resources */,
				1A1D8E761B624A89009DAACB /* LM_XLF.dae in Resources */,
				355BCE701B496EAE009591E9 /* shortshirt_texture.png in Resources */,
				3592A3621B51626B00E3C1BC /* TXS_SMF.dae in Resources */,
				358CB6F41B4665AA009E9C83 /* MXS3.dae in Resources */,
				358CB6F51B4665AA009E9C83 /* MXS4.dae in Resources */,
				3592A3451B5161F100E3C1BC /* TS_SMM.dae in Resources */,
				3592A3251B5161AE00E3C1BC /* SL_XLM.dae in Resources */,
				358CB6E81B4665AA009E9C83 /* MM1.dae in Resources */,
				3592A3321B5161C300E3C1BC /* LXL_SMM.dae in Resources */,
				357A4B8C1B4695DC0095E887 /* ModelQRcode.png in Resources */,
				3592A3AC1B51AEBA00E3C1BC /* FM3.dae in Resources */,
				1A1D8E6F1B624A33009DAACB /* LXS_SMF.dae in Resources */,
				358CB6F11B4665AA009E9C83 /* MXL5.dae in Resources */,
				3592A36C1B51627000E3C1BC /* TXS_XLF.dae in Resources */,
				3592A3441B5161F100E3C1BC /* TM_SMM.dae in Resources */,
				3592A3391B5161CB00E3C1BC /* LL_XLM.dae in Resources */,
				3592A3C31B51BD7700E3C1BC /* FXS4.dae in Resources */,
				3592A36B1B51627000E3C1BC /* TXL_XLF.dae in Resources */,
				353561E41B470A6F00B83FEF /* aboutUs.jpg in Resources */,
				3592A34E1B5161F900E3C1BC /* TM_XLM.dae in Resources */,
				3592A31B1B5161A400E3C1BC /* SL_SMM.dae in Resources */,
				3592A35E1B51626B00E3C1BC /* TL_SMF.dae in Resources */,
				3592A33B1B5161CB00E3C1BC /* LS_XLM.dae in Resources */,
				357A4B891B4695DC0095E887 /* clothesCaegories.png in Resources */,
				3592A3A51B51A8AB00E3C1BC /* FM2.dae in Resources */,
				3592A31D1B5161A400E3C1BC /* SS_SMM.dae in Resources */,
				358CB6EC1B4665AA009E9C83 /* MM5.dae in Resources */,
				353561F01B471F5200B83FEF /* male.png in Resources */,
				3592A3801B51628E00E3C1BC /* SXS_XLF.dae in Resources */,
				357A4B851B4695DC0095E887 /* aboutus copy.png in Resources */,
				3592A37F1B51628E00E3C1BC /* SXL_XLF.dae in Resources */,
				357A4B8D1B4695DC0095E887 /* scanQRcode.png in Resources */,
				3592A3501B5161F900E3C1BC /* TXL_XLM.dae in Resources */,
				3592A3581B51626300E3C1BC /* tshirtfemale_texture.jpg in Resources */,
				3592A31E1B5161A400E3C1BC /* SXL_SMM.dae in Resources */,
				3592A34F1B5161F900E3C1BC /* TS_XLM.dae in Resources */,
				3592A34D1B5161F900E3C1BC /* TL_XLM.dae in Resources */,
				3592A3331B5161C300E3C1BC /* LXS_SMM.dae in Resources */,
				3592A31C1B5161A400E3C1BC /* SM_SMM.dae in Resources */,
				35ECF9C71B18666F00F3C69D /* Images.xcassets in Resources */,
				357A4B861B4695DC0095E887 /* aboutus.png in Resources */,
			);
			runOnlyForDeploymentPostprocessing = 0;
		};
		35ECF9CD1B18666F00F3C69D /* Resources */ = {
			isa = PBXResourcesBuildPhase;
			buildActionMask = 2147483647;
			files = (
			);
			runOnlyForDeploymentPostprocessing = 0;
		};
/* End PBXResourcesBuildPhase section */

/* Begin PBXSourcesBuildPhase section */
		35ECF9B21B18666E00F3C69D /* Sources */ = {
			isa = PBXSourcesBuildPhase;
			buildActionMask = 2147483647;
			files = (
				357A4B661B467B0E0095E887 /* ClothModelController.m in Sources */,
				357A4B521B466F000095E887 /* qrencode.c in Sources */,
				1A0758151BFA2327004C5BFD /* ProductController.m in Sources */,
				357A4B551B466F000095E887 /* rscode.c in Sources */,
				357A4B591B466F0C0095E887 /* GenerateQrCodeController.m in Sources */,
				357A4B501B466F000095E887 /* mmask.c in Sources */,
				1AD97A281B5AA27500CCD582 /* ViewController.m in Sources */,
				357A4B561B466F000095E887 /* split.c in Sources */,
				1A4F35AA1B919D87002CE0C3 /* GenerateProductQrCodeController.m in Sources */,
				1A41EF2B1BB6A864000A9A2A /* QrProductController.m in Sources */,
				354F8CE21B4F9F8B00EC88BD /* ModelGenderController.m in Sources */,
				1A6FD6631B86E01E008B605F /* ReadQRCodeController.m in Sources */,
				1A8BED901B8868CA001E2301 /* LoginController.m in Sources */,
				1A0758121BFA2316004C5BFD /* ViewListProduct.m in Sources */,
				357A4B4E1B466F000095E887 /* bitstream.c in Sources */,
				357A4B541B466F000095E887 /* qrspec.c in Sources */,
				35ECF9C21B18666F00F3C69D /* HumanModelController.m in Sources */,
				1A5631DA1B999D1D00CA348A /* HumanController.m in Sources */,
				357A4B4F1B466F000095E887 /* mask.c in Sources */,
				357A4B511B466F000095E887 /* mqrspec.c in Sources */,
				1A8114F01B88C9D400BB44F8 /* RegistrationController.m in Sources */,
				357A4B531B466F000095E887 /* qrinput.c in Sources */,
				35ECF9BF1B18666F00F3C69D /* AppDelegate.m in Sources */,
				35ECF9BC1B18666F00F3C69D /* main.m in Sources */,
				357A4B5C1B466F200095E887 /* UIImage+QRCodeGenerator.m in Sources */,
			);
			runOnlyForDeploymentPostprocessing = 0;
		};
		35ECF9CB1B18666F00F3C69D /* Sources */ = {
			isa = PBXSourcesBuildPhase;
			buildActionMask = 2147483647;
			files = (
				1A734C041B66A9760054BF7C /* ModelGenderControllerTest.m in Sources */,
				35ECF9D61B18666F00F3C69D /* FitToFastTests.m in Sources */,
			);
			runOnlyForDeploymentPostprocessing = 0;
		};
/* End PBXSourcesBuildPhase section */

/* Begin PBXTargetDependency section */
		35ECF9D11B18666F00F3C69D /* PBXTargetDependency */ = {
			isa = PBXTargetDependency;
			target = 35ECF9B51B18666E00F3C69D /* FitToFast */;
			targetProxy = 35ECF9D01B18666F00F3C69D /* PBXContainerItemProxy */;
		};
/* End PBXTargetDependency section */

/* Begin PBXVariantGroup section */
		35ECF9C31B18666F00F3C69D /* Main.storyboard */ = {
			isa = PBXVariantGroup;
			children = (
				35ECF9C41B18666F00F3C69D /* Base */,
			);
			name = Main.storyboard;
			sourceTree = "<group>";
		};
		35ECF9C81B18666F00F3C69D /* LaunchScreen.xib */ = {
			isa = PBXVariantGroup;
			children = (
				35ECF9C91B18666F00F3C69D /* Base */,
			);
			name = LaunchScreen.xib;
			sourceTree = "<group>";
		};
/* End PBXVariantGroup section */

/* Begin XCBuildConfiguration section */
		35ECF9D71B18666F00F3C69D /* Debug */ = {
			isa = XCBuildConfiguration;
			buildSettings = {
				ALWAYS_SEARCH_USER_PATHS = NO;
				CLANG_CXX_LANGUAGE_STANDARD = "gnu++0x";
				CLANG_CXX_LIBRARY = "libc++";
				CLANG_ENABLE_MODULES = YES;
				CLANG_ENABLE_OBJC_ARC = YES;
				CLANG_WARN_BOOL_CONVERSION = YES;
				CLANG_WARN_CONSTANT_CONVERSION = YES;
				CLANG_WARN_DIRECT_OBJC_ISA_USAGE = YES_ERROR;
				CLANG_WARN_EMPTY_BODY = YES;
				CLANG_WARN_ENUM_CONVERSION = YES;
				CLANG_WARN_INT_CONVERSION = YES;
				CLANG_WARN_OBJC_ROOT_CLASS = YES_ERROR;
				CLANG_WARN_UNREACHABLE_CODE = YES;
				CLANG_WARN__DUPLICATE_METHOD_MATCH = YES;
				"CODE_SIGN_IDENTITY[sdk=iphoneos*]" = "iPhone Developer";
				COPY_PHASE_STRIP = NO;
				DEBUG_INFORMATION_FORMAT = "dwarf-with-dsym";
				ENABLE_STRICT_OBJC_MSGSEND = YES;
				GCC_C_LANGUAGE_STANDARD = gnu99;
				GCC_DYNAMIC_NO_PIC = NO;
				GCC_NO_COMMON_BLOCKS = YES;
				GCC_OPTIMIZATION_LEVEL = 0;
				GCC_PREPROCESSOR_DEFINITIONS = (
					"DEBUG=1",
					"$(inherited)",
				);
				GCC_SYMBOLS_PRIVATE_EXTERN = NO;
				GCC_WARN_64_TO_32_BIT_CONVERSION = YES;
				GCC_WARN_ABOUT_RETURN_TYPE = YES_ERROR;
				GCC_WARN_UNDECLARED_SELECTOR = YES;
				GCC_WARN_UNINITIALIZED_AUTOS = YES_AGGRESSIVE;
				GCC_WARN_UNUSED_FUNCTION = YES;
				GCC_WARN_UNUSED_VARIABLE = YES;
				IPHONEOS_DEPLOYMENT_TARGET = 8.3;
				MTL_ENABLE_DEBUG_INFO = YES;
				ONLY_ACTIVE_ARCH = YES;
				SDKROOT = iphoneos;
			};
			name = Debug;
		};
		35ECF9D81B18666F00F3C69D /* Release */ = {
			isa = XCBuildConfiguration;
			buildSettings = {
				ALWAYS_SEARCH_USER_PATHS = NO;
				CLANG_CXX_LANGUAGE_STANDARD = "gnu++0x";
				CLANG_CXX_LIBRARY = "libc++";
				CLANG_ENABLE_MODULES = YES;
				CLANG_ENABLE_OBJC_ARC = YES;
				CLANG_WARN_BOOL_CONVERSION = YES;
				CLANG_WARN_CONSTANT_CONVERSION = YES;
				CLANG_WARN_DIRECT_OBJC_ISA_USAGE = YES_ERROR;
				CLANG_WARN_EMPTY_BODY = YES;
				CLANG_WARN_ENUM_CONVERSION = YES;
				CLANG_WARN_INT_CONVERSION = YES;
				CLANG_WARN_OBJC_ROOT_CLASS = YES_ERROR;
				CLANG_WARN_UNREACHABLE_CODE = YES;
				CLANG_WARN__DUPLICATE_METHOD_MATCH = YES;
				"CODE_SIGN_IDENTITY[sdk=iphoneos*]" = "iPhone Developer";
				COPY_PHASE_STRIP = NO;
				DEBUG_INFORMATION_FORMAT = "dwarf-with-dsym";
				ENABLE_NS_ASSERTIONS = NO;
				ENABLE_STRICT_OBJC_MSGSEND = YES;
				GCC_C_LANGUAGE_STANDARD = gnu99;
				GCC_NO_COMMON_BLOCKS = YES;
				GCC_WARN_64_TO_32_BIT_CONVERSION = YES;
				GCC_WARN_ABOUT_RETURN_TYPE = YES_ERROR;
				GCC_WARN_UNDECLARED_SELECTOR = YES;
				GCC_WARN_UNINITIALIZED_AUTOS = YES_AGGRESSIVE;
				GCC_WARN_UNUSED_FUNCTION = YES;
				GCC_WARN_UNUSED_VARIABLE = YES;
				IPHONEOS_DEPLOYMENT_TARGET = 8.3;
				MTL_ENABLE_DEBUG_INFO = NO;
				SDKROOT = iphoneos;
				VALIDATE_PRODUCT = YES;
			};
			name = Release;
		};
		35ECF9DA1B18666F00F3C69D /* Debug */ = {
			isa = XCBuildConfiguration;
			buildSettings = {
				ASSETCATALOG_COMPILER_APPICON_NAME = AppIcon;
				CODE_SIGN_IDENTITY = "iPhone Developer";
				INFOPLIST_FILE = FitToFast/Info.plist;
				IPHONEOS_DEPLOYMENT_TARGET = 8.1;
				LD_RUNPATH_SEARCH_PATHS = "$(inherited) @executable_path/Frameworks";
				PRODUCT_NAME = "$(TARGET_NAME)";
				TARGETED_DEVICE_FAMILY = 1;
			};
			name = Debug;
		};
		35ECF9DB1B18666F00F3C69D /* Release */ = {
			isa = XCBuildConfiguration;
			buildSettings = {
				ASSETCATALOG_COMPILER_APPICON_NAME = AppIcon;
				CODE_SIGN_IDENTITY = "iPhone Developer";
				INFOPLIST_FILE = FitToFast/Info.plist;
				IPHONEOS_DEPLOYMENT_TARGET = 8.1;
				LD_RUNPATH_SEARCH_PATHS = "$(inherited) @executable_path/Frameworks";
				PRODUCT_NAME = "$(TARGET_NAME)";
				TARGETED_DEVICE_FAMILY = 1;
			};
			name = Release;
		};
		35ECF9DD1B18666F00F3C69D /* Debug */ = {
			isa = XCBuildConfiguration;
			buildSettings = {
				BUNDLE_LOADER = "$(TEST_HOST)";
				FRAMEWORK_SEARCH_PATHS = (
					"$(SDKROOT)/Developer/Library/Frameworks",
					"$(inherited)",
				);
				GCC_PREPROCESSOR_DEFINITIONS = (
					"DEBUG=1",
					"$(inherited)",
				);
				INFOPLIST_FILE = FitToFastTests/Info.plist;
				LD_RUNPATH_SEARCH_PATHS = "$(inherited) @executable_path/Frameworks @loader_path/Frameworks";
				PRODUCT_NAME = "$(TARGET_NAME)";
				TEST_HOST = "$(BUILT_PRODUCTS_DIR)/FitToFast.app/FitToFast";
			};
			name = Debug;
		};
		35ECF9DE1B18666F00F3C69D /* Release */ = {
			isa = XCBuildConfiguration;
			buildSettings = {
				BUNDLE_LOADER = "$(TEST_HOST)";
				FRAMEWORK_SEARCH_PATHS = (
					"$(SDKROOT)/Developer/Library/Frameworks",
					"$(inherited)",
				);
				INFOPLIST_FILE = FitToFastTests/Info.plist;
				LD_RUNPATH_SEARCH_PATHS = "$(inherited) @executable_path/Frameworks @loader_path/Frameworks";
				PRODUCT_NAME = "$(TARGET_NAME)";
				TEST_HOST = "$(BUILT_PRODUCTS_DIR)/FitToFast.app/FitToFast";
			};
			name = Release;
		};
/* End XCBuildConfiguration section */

/* Begin XCConfigurationList section */
		35ECF9B11B18666E00F3C69D /* Build configuration list for PBXProject "FitToFast" */ = {
			isa = XCConfigurationList;
			buildConfigurations = (
				35ECF9D71B18666F00F3C69D /* Debug */,
				35ECF9D81B18666F00F3C69D /* Release */,
			);
			defaultConfigurationIsVisible = 0;
			defaultConfigurationName = Release;
		};
		35ECF9D91B18666F00F3C69D /* Build configuration list for PBXNativeTarget "FitToFast" */ = {
			isa = XCConfigurationList;
			buildConfigurations = (
				35ECF9DA1B18666F00F3C69D /* Debug */,
				35ECF9DB1B18666F00F3C69D /* Release */,
			);
			defaultConfigurationIsVisible = 0;
			defaultConfigurationName = Release;
		};
		35ECF9DC1B18666F00F3C69D /* Build configuration list for PBXNativeTarget "FitToFastTests" */ = {
			isa = XCConfigurationList;
			buildConfigurations = (
				35ECF9DD1B18666F00F3C69D /* Debug */,
				35ECF9DE1B18666F00F3C69D /* Release */,
			);
			defaultConfigurationIsVisible = 0;
			defaultConfigurationName = Release;
		};
/* End XCConfigurationList section */
	};
	rootObject = 35ECF9AE1B18666E00F3C69D /* Project object */;
}
